<?xml version="1.0" encoding="utf-8"?>
<Project ToolsVersion="4.0" xmlns="http://schemas.microsoft.com/developer/msbuild/2003">
  <ItemGroup>
    <Filter Include="Source Files">
      <UniqueIdentifier>{69776130-e084-4c47-9833-3d3b44c61102}</UniqueIdentifier>
      <Extensions>.cpp</Extensions>
    </Filter>
    <Filter Include="Source Files\Character AI">
      <UniqueIdentifier>{22cb95e3-20fd-460d-b837-1395628afc19}</UniqueIdentifier>
    </Filter>
    <Filter Include="Source Files\Character AI\beaky">
      <UniqueIdentifier>{64492827-a182-4710-a513-07553c1512c9}</UniqueIdentifier>
    </Filter>
    <Filter Include="Source Files\Environment">
      <UniqueIdentifier>{6eaee36a-c074-4cb7-9a2d-0f110171a67b}</UniqueIdentifier>
    </Filter>
    <Filter Include="Source Files\Effects">
      <UniqueIdentifier>{021b61de-3e42-4b74-8ce1-cb137b95d534}</UniqueIdentifier>
    </Filter>
    <Filter Include="Source Files\Physics">
      <UniqueIdentifier>{d7849b44-4e78-4d6a-ae8a-1ec1d83c8aa1}</UniqueIdentifier>
    </Filter>
    <Filter Include="Source Files\Vehicles">
      <UniqueIdentifier>{6fb6603a-ec71-4d50-a105-f385009bed8c}</UniqueIdentifier>
    </Filter>
    <Filter Include="Source Files\Special Case">
      <UniqueIdentifier>{2bba097b-0583-40e3-b639-de59802078d4}</UniqueIdentifier>
    </Filter>
    <Filter Include="Source Files\System">
      <UniqueIdentifier>{6940b9fb-ab87-41a0-9fac-74c9f4719556}</UniqueIdentifier>
    </Filter>
    <Filter Include="Source Files\Camera">
      <UniqueIdentifier>{2be0cc82-58fa-4360-9b2a-be3ef8bafe6d}</UniqueIdentifier>
    </Filter>
    <Filter Include="Source Files\Multiplayer">
      <UniqueIdentifier>{7ade4a1b-1e41-4497-b765-7a5af3300baf}</UniqueIdentifier>
    </Filter>
    <Filter Include="Source Files\Bosses">
      <UniqueIdentifier>{7f669428-147c-4f71-8db0-07cd913c39ff}</UniqueIdentifier>
    </Filter>
    <Filter Include="Source Files\Bosses\mechatweety">
      <UniqueIdentifier>{75636516-24af-4b31-b6e0-740c5f1beb1d}</UniqueIdentifier>
    </Filter>
    <Filter Include="Source Files\Bosses\WestBoss">
      <UniqueIdentifier>{deca07f6-19d2-4873-bae9-d450ed5f6f07}</UniqueIdentifier>
    </Filter>
    <Filter Include="Source Files\Bosses\ZooBoss">
      <UniqueIdentifier>{4c855f94-8c2b-46b9-af3f-9e1cf8e80247}</UniqueIdentifier>
    </Filter>
    <Filter Include="Source Files\Power-ups">
      <UniqueIdentifier>{bc58ed53-405e-44cb-87df-262cbd9db7ec}</UniqueIdentifier>
    </Filter>
    <Filter Include="Source Files\frontend">
      <UniqueIdentifier>{8358caf4-dfed-4ae9-a5be-2e92e3a53c9c}</UniqueIdentifier>
    </Filter>
    <Filter Include="Source Files\frontend\Menu">
      <UniqueIdentifier>{a668950f-df87-4b00-9b00-9fb5feaadc03}</UniqueIdentifier>
    </Filter>
    <Filter Include="Source Files\frontend\Book">
      <UniqueIdentifier>{78118ae8-b8f2-418f-b7d7-409f43f9d331}</UniqueIdentifier>
    </Filter>
    <Filter Include="Header Files">
      <UniqueIdentifier>{d63514df-2f8b-4331-8055-7e40cae1e5c0}</UniqueIdentifier>
      <Extensions>.h</Extensions>
    </Filter>
    <Filter Include="Header Files\Character AI Headers">
      <UniqueIdentifier>{b494c298-121e-4122-872b-8cf38b1ef832}</UniqueIdentifier>
    </Filter>
    <Filter Include="Header Files\Character AI Headers\beaky headers">
      <UniqueIdentifier>{4b3c19a7-9b58-4caa-a0af-9fc8dd547989}</UniqueIdentifier>
    </Filter>
    <Filter Include="Header Files\Environment Headers">
      <UniqueIdentifier>{e44484d0-b075-4afc-835a-af3dd4e1ef75}</UniqueIdentifier>
    </Filter>
    <Filter Include="Header Files\Effects Headers">
      <UniqueIdentifier>{79bc1e46-9dc1-4227-9be5-5e05cd7b9ad4}</UniqueIdentifier>
    </Filter>
    <Filter Include="Header Files\Effects Headers\Shadows">
      <UniqueIdentifier>{301af791-ac9a-402a-8e27-beec2c1b2745}</UniqueIdentifier>
    </Filter>
    <Filter Include="Header Files\Physics Headers">
      <UniqueIdentifier>{11e2b94b-3928-4fb3-af12-32af21e59ed3}</UniqueIdentifier>
    </Filter>
    <Filter Include="Header Files\Vehicle Headers">
      <UniqueIdentifier>{cc7c2a7a-bac1-42ab-b6db-7c68bbca0071}</UniqueIdentifier>
    </Filter>
    <Filter Include="Header Files\Special Case Headers">
      <UniqueIdentifier>{948c082b-4a85-452b-a2e8-cfb3295442e8}</UniqueIdentifier>
    </Filter>
    <Filter Include="Header Files\System Headers">
      <UniqueIdentifier>{01334b63-7901-40b7-8d13-516f81a516e3}</UniqueIdentifier>
    </Filter>
    <Filter Include="Header Files\Camera Headers">
      <UniqueIdentifier>{5186da52-618d-47fd-8d95-39d8a79c8736}</UniqueIdentifier>
    </Filter>
    <Filter Include="Header Files\Multiplayer Headers">
      <UniqueIdentifier>{b5919638-dea2-4d9f-8b09-c4d9086c0681}</UniqueIdentifier>
    </Filter>
    <Filter Include="Header Files\Boss Headers">
      <UniqueIdentifier>{e79edb34-788f-4452-8a90-4e2ea698f4cc}</UniqueIdentifier>
    </Filter>
    <Filter Include="Header Files\Boss Headers\mechatweety headers">
      <UniqueIdentifier>{a280b98d-8b5d-4c53-9e7d-dd7deb010b7f}</UniqueIdentifier>
    </Filter>
    <Filter Include="Header Files\Boss Headers\WestBoss headers">
      <UniqueIdentifier>{5b0533f9-09bc-40db-bf24-9bc89b9fca06}</UniqueIdentifier>
    </Filter>
    <Filter Include="Header Files\Boss Headers\ZooBoss headers">
      <UniqueIdentifier>{2e37cab7-c84d-48af-be12-c34c9060ab9b}</UniqueIdentifier>
    </Filter>
    <Filter Include="Header Files\Power-up Headers">
      <UniqueIdentifier>{bbcd5fe1-6cdf-4035-bb63-6f97b946893a}</UniqueIdentifier>
    </Filter>
    <Filter Include="Header Files\frontend headers">
      <UniqueIdentifier>{aea64a1c-a616-46ee-9acc-b094053c976b}</UniqueIdentifier>
    </Filter>
    <Filter Include="Header Files\frontend headers\Menu Headers">
      <UniqueIdentifier>{012d5f5e-4b19-4c81-9705-2bfd97eb4703}</UniqueIdentifier>
    </Filter>
    <Filter Include="Header Files\frontend headers\Book Headers">
      <UniqueIdentifier>{991eab6f-ce0b-4e8c-9e28-e40ea12b47d8}</UniqueIdentifier>
    </Filter>
    <Filter Include="Resource Files">
      <UniqueIdentifier>{4ca3a199-4a91-44c8-9d24-2c5dbe22bb27}</UniqueIdentifier>
      <Extensions>ico;cur;bmp;dlg;rc2;rct;bin;rgs;gif;jpg;jpeg;jpe</Extensions>
    </Filter>
    <Filter Include="Misc">
      <UniqueIdentifier>{ead55f0b-5a4d-495b-8748-87cd5eee6dc1}</UniqueIdentifier>
    </Filter>
    <Filter Include="Babel headers">
      <UniqueIdentifier>{cca5fe60-e15e-4355-b7d5-61eac50db6b7}</UniqueIdentifier>
    </Filter>
    <Filter Include="Babel Debug">
      <UniqueIdentifier>{244f190b-61d6-44a1-a66d-c0c108a12105}</UniqueIdentifier>
    </Filter>
    <Filter Include="Babel Release">
      <UniqueIdentifier>{80eab6cb-303b-42fe-80d3-67c6fb7275ec}</UniqueIdentifier>
    </Filter>
  </ItemGroup>
  <ItemGroup>
    <ClCompile Include="buzzard.cpp">
      <Filter>Source Files\Character AI\beaky</Filter>
    </ClCompile>
    <ClCompile Include="buzzardscripts.cpp">
      <Filter>Source Files\Character AI\beaky</Filter>
    </ClCompile>
    <ClCompile Include="alligator.cpp">
      <Filter>Source Files\Character AI</Filter>
    </ClCompile>
    <ClCompile Include="anvilgang.cpp">
      <Filter>Source Files\Character AI</Filter>
    </ClCompile>
    <ClCompile Include="apes.cpp">
      <Filter>Source Files\Character AI</Filter>
    </ClCompile>
    <ClCompile Include="bears.cpp">
      <Filter>Source Files\Character AI</Filter>
    </ClCompile>
    <ClCompile Include="bjshellac.cpp">
      <Filter>Source Files\Character AI</Filter>
    </ClCompile>
    <ClCompile Include="constructionbot.cpp">
      <Filter>Source Files\Character AI</Filter>
    </ClCompile>
    <ClCompile Include="constructionworker.cpp">
      <Filter>Source Files\Character AI</Filter>
    </ClCompile>
    <ClCompile Include="doggy.cpp">
      <Filter>Source Files\Character AI</Filter>
    </ClCompile>
    <ClCompile Include="genericai.cpp">
      <Filter>Source Files\Character AI</Filter>
    </ClCompile>
    <ClCompile Include="minerbot.cpp">
      <Filter>Source Files\Character AI</Filter>
    </ClCompile>
    <ClCompile Include="museumguard.cpp">
      <Filter>Source Files\Character AI</Filter>
    </ClCompile>
    <ClCompile Include="nastycan.cpp">
      <Filter>Source Files\Character AI</Filter>
    </ClCompile>
    <ClCompile Include="securitybot.cpp">
      <Filter>Source Files\Character AI</Filter>
    </ClCompile>
    <ClCompile Include="shark.cpp">
      <Filter>Source Files\Character AI</Filter>
    </ClCompile>
    <ClCompile Include="taskforce.cpp">
      <Filter>Source Files\Character AI</Filter>
    </ClCompile>
    <ClCompile Include="tazcatcher.cpp">
      <Filter>Source Files\Character AI</Filter>
    </ClCompile>
    <ClCompile Include="tribalchief.cpp">
      <Filter>Source Files\Character AI</Filter>
    </ClCompile>
    <ClCompile Include="tweety.cpp">
      <Filter>Source Files\Character AI</Filter>
    </ClCompile>
    <ClCompile Include="zookeeper.cpp">
      <Filter>Source Files\Character AI</Filter>
    </ClCompile>
    <ClCompile Include="arrow.cpp">
      <Filter>Source Files\Environment</Filter>
    </ClCompile>
    <ClCompile Include="breakables.cpp">
      <Filter>Source Files\Environment</Filter>
    </ClCompile>
    <ClCompile Include="bumper.cpp">
      <Filter>Source Files\Environment</Filter>
    </ClCompile>
    <ClCompile Include="clangerreset.cpp">
      <Filter>Source Files\Environment</Filter>
    </ClCompile>
    <ClCompile Include="destructibles.cpp">
      <Filter>Source Files\Environment</Filter>
    </ClCompile>
    <ClCompile Include="doors.cpp">
      <Filter>Source Files\Environment</Filter>
    </ClCompile>
    <ClCompile Include="escalator.cpp">
      <Filter>Source Files\Environment</Filter>
    </ClCompile>
    <ClCompile Include="fallingobjects.cpp">
      <Filter>Source Files\Environment</Filter>
    </ClCompile>
    <ClCompile Include="famethrowa.cpp">
      <Filter>Source Files\Environment</Filter>
    </ClCompile>
    <ClCompile Include="floorpolisherwantedposter.cpp">
      <Filter>Source Files\Environment</Filter>
    </ClCompile>
    <ClCompile Include="foodrandomiser.cpp">
      <Filter>Source Files\Environment</Filter>
    </ClCompile>
    <ClCompile Include="fountain.cpp">
      <Filter>Source Files\Environment</Filter>
    </ClCompile>
    <ClCompile Include="fountainextrasystem.cpp">
      <Filter>Source Files\Environment</Filter>
    </ClCompile>
    <ClCompile Include="ice.cpp">
      <Filter>Source Files\Environment</Filter>
    </ClCompile>
    <ClCompile Include="lava.cpp">
      <Filter>Source Files\Environment</Filter>
    </ClCompile>
    <ClCompile Include="magnet.cpp">
      <Filter>Source Files\Environment</Filter>
    </ClCompile>
    <ClCompile Include="mailbox.cpp">
      <Filter>Source Files\Environment</Filter>
    </ClCompile>
    <ClCompile Include="musicandsavagebeasts.cpp">
      <Filter>Source Files\Environment</Filter>
    </ClCompile>
    <ClCompile Include="phonebox.cpp">
      <Filter>Source Files\Environment</Filter>
    </ClCompile>
    <ClCompile Include="portal.cpp">
      <Filter>Source Files\Environment</Filter>
    </ClCompile>
    <ClCompile Include="projectile.cpp">
      <Filter>Source Files\Environment</Filter>
    </ClCompile>
    <ClCompile Include="scenicobjects.cpp">
      <Filter>Source Files\Environment</Filter>
    </ClCompile>
    <ClCompile Include="slides.cpp">
      <Filter>Source Files\Environment</Filter>
    </ClCompile>
    <ClCompile Include="speedboost.cpp">
      <Filter>Source Files\Environment</Filter>
    </ClCompile>
    <ClCompile Include="splatobjects.cpp">
      <Filter>Source Files\Environment</Filter>
    </ClCompile>
    <ClCompile Include="springyobjects.cpp">
      <Filter>Source Files\Environment</Filter>
    </ClCompile>
    <ClCompile Include="steppingstone.cpp">
      <Filter>Source Files\Environment</Filter>
    </ClCompile>
    <ClCompile Include="swingingobjects.cpp">
      <Filter>Source Files\Environment</Filter>
    </ClCompile>
    <ClCompile Include="tiltingobjects.cpp">
      <Filter>Source Files\Environment</Filter>
    </ClCompile>
    <ClCompile Include="transporter.cpp">
      <Filter>Source Files\Environment</Filter>
    </ClCompile>
    <ClCompile Include="wantedposter.cpp">
      <Filter>Source Files\Environment</Filter>
    </ClCompile>
    <ClCompile Include="water.cpp">
      <Filter>Source Files\Environment</Filter>
    </ClCompile>
    <ClCompile Include="zapper.cpp">
      <Filter>Source Files\Environment</Filter>
    </ClCompile>
    <ClCompile Include="aircon.cpp">
      <Filter>Source Files\Effects</Filter>
    </ClCompile>
    <ClCompile Include="cartoonscaling.cpp">
      <Filter>Source Files\Effects</Filter>
    </ClCompile>
    <ClCompile Include="cheesegun.cpp">
      <Filter>Source Files\Effects</Filter>
    </ClCompile>
    <ClCompile Include="clouds.cpp">
      <Filter>Source Files\Effects</Filter>
    </ClCompile>
    <ClCompile Include="costumes.cpp">
      <Filter>Source Files\Effects</Filter>
    </ClCompile>
    <ClCompile Include="decals.cpp">
      <Filter>Source Files\Effects</Filter>
    </ClCompile>
    <ClCompile Include="eating.cpp">
      <Filter>Source Files\Effects</Filter>
    </ClCompile>
    <ClCompile Include="effects.cpp">
      <Filter>Source Files\Effects</Filter>
    </ClCompile>
    <ClCompile Include="electrocution.cpp">
      <Filter>Source Files\Effects</Filter>
    </ClCompile>
    <ClCompile Include="envmap.cpp">
      <Filter>Source Files\Effects</Filter>
    </ClCompile>
    <ClCompile Include="explode.cpp">
      <Filter>Source Files\Effects</Filter>
    </ClCompile>
    <ClCompile Include="fade.cpp">
      <Filter>Source Files\Effects</Filter>
    </ClCompile>
    <ClCompile Include="fire.cpp">
      <Filter>Source Files\Effects</Filter>
    </ClCompile>
    <ClCompile Include="Fireball.cpp">
      <Filter>Source Files\Effects</Filter>
    </ClCompile>
    <ClCompile Include="fireworks.cpp">
      <Filter>Source Files\Effects</Filter>
    </ClCompile>
    <ClCompile Include="Flies.cpp">
      <Filter>Source Files\Effects</Filter>
    </ClCompile>
    <ClCompile Include="flocking.cpp">
      <Filter>Source Files\Effects</Filter>
    </ClCompile>
    <ClCompile Include="footalign.cpp">
      <Filter>Source Files\Effects</Filter>
    </ClCompile>
    <ClCompile Include="Glare.cpp">
      <Filter>Source Files\Effects</Filter>
    </ClCompile>
    <ClCompile Include="glowaroundplinth.cpp">
      <Filter>Source Files\Effects</Filter>
    </ClCompile>
    <ClCompile Include="haar.cpp">
      <Filter>Source Files\Effects</Filter>
    </ClCompile>
    <ClCompile Include="halo.cpp">
      <Filter>Source Files\Effects</Filter>
    </ClCompile>
    <ClCompile Include="holysmoke.cpp">
      <Filter>Source Files\Effects</Filter>
    </ClCompile>
    <ClCompile Include="laser.cpp">
      <Filter>Source Files\Effects</Filter>
    </ClCompile>
    <ClCompile Include="lightning.cpp">
      <Filter>Source Files\Effects</Filter>
    </ClCompile>
    <ClCompile Include="lights.cpp">
      <Filter>Source Files\Effects</Filter>
    </ClCompile>
    <ClCompile Include="MonitorFX.cpp">
      <Filter>Source Files\Effects</Filter>
    </ClCompile>
    <ClCompile Include="phoneboxeffect.cpp">
      <Filter>Source Files\Effects</Filter>
    </ClCompile>
    <ClCompile Include="polyeffects.cpp">
      <Filter>Source Files\Effects</Filter>
    </ClCompile>
    <ClCompile Include="PongDust.cpp">
      <Filter>Source Files\Effects</Filter>
    </ClCompile>
    <ClCompile Include="postcard.cpp">
      <Filter>Source Files\Effects</Filter>
    </ClCompile>
    <ClCompile Include="precipitation.cpp">
      <Filter>Source Files\Effects</Filter>
    </ClCompile>
    <ClCompile Include="rocketscience.cpp">
      <Filter>Source Files\Effects</Filter>
    </ClCompile>
    <ClCompile Include="rumble.cpp">
      <Filter>Source Files\Effects</Filter>
    </ClCompile>
    <ClCompile Include="securitybox.cpp">
      <Filter>Source Files\Effects</Filter>
    </ClCompile>
    <ClCompile Include="shadow.cpp">
      <Filter>Source Files\Effects</Filter>
    </ClCompile>
    <ClCompile Include="shatter.cpp">
      <Filter>Source Files\Effects</Filter>
    </ClCompile>
    <ClCompile Include="shockwave.cpp">
      <Filter>Source Files\Effects</Filter>
    </ClCompile>
    <ClCompile Include="sparks.cpp">
      <Filter>Source Files\Effects</Filter>
    </ClCompile>
    <ClCompile Include="spineffect.cpp">
      <Filter>Source Files\Effects</Filter>
    </ClCompile>
    <ClCompile Include="tarbubble.cpp">
      <Filter>Source Files\Effects</Filter>
    </ClCompile>
    <ClCompile Include="tartantaz.cpp">
      <Filter>Source Files\Effects</Filter>
    </ClCompile>
    <ClCompile Include="thoughtbubble.cpp">
      <Filter>Source Files\Effects</Filter>
    </ClCompile>
    <ClCompile Include="thwap.cpp">
      <Filter>Source Files\Effects</Filter>
    </ClCompile>
    <ClCompile Include="transportereffect.cpp">
      <Filter>Source Files\Effects</Filter>
    </ClCompile>
    <ClCompile Include="VideoFX.cpp">
      <Filter>Source Files\Effects</Filter>
    </ClCompile>
    <ClCompile Include="voodoocloud.cpp">
      <Filter>Source Files\Effects</Filter>
    </ClCompile>
    <ClCompile Include="waterfall.cpp">
      <Filter>Source Files\Effects</Filter>
    </ClCompile>
    <ClCompile Include="waterrings.cpp">
      <Filter>Source Files\Effects</Filter>
    </ClCompile>
    <ClCompile Include="watersplash.cpp">
      <Filter>Source Files\Effects</Filter>
    </ClCompile>
    <ClCompile Include="zzz.cpp">
      <Filter>Source Files\Effects</Filter>
    </ClCompile>
    <ClCompile Include="collision.cpp">
      <Filter>Source Files\Physics</Filter>
    </ClCompile>
    <ClCompile Include="collisioncache.cpp">
      <Filter>Source Files\Physics</Filter>
    </ClCompile>
    <ClCompile Include="physics.cpp">
      <Filter>Source Files\Physics</Filter>
    </ClCompile>
    <ClCompile Include="floorpolisher.cpp">
      <Filter>Source Files\Vehicles</Filter>
    </ClCompile>
    <ClCompile Include="hovercraft.cpp">
      <Filter>Source Files\Vehicles</Filter>
    </ClCompile>
    <ClCompile Include="minecart.cpp">
      <Filter>Source Files\Vehicles</Filter>
    </ClCompile>
    <ClCompile Include="pneumaticplunger.cpp">
      <Filter>Source Files\Vehicles</Filter>
    </ClCompile>
    <ClCompile Include="rocketbike.cpp">
      <Filter>Source Files\Vehicles</Filter>
    </ClCompile>
    <ClCompile Include="trolley.cpp">
      <Filter>Source Files\Vehicles</Filter>
    </ClCompile>
    <ClCompile Include="vehicles.cpp">
      <Filter>Source Files\Vehicles</Filter>
    </ClCompile>
    <ClCompile Include="ResetTutorial.cpp">
      <Filter>Source Files\Special Case</Filter>
    </ClCompile>
    <ClCompile Include="snowball.cpp">
      <Filter>Source Files\Special Case</Filter>
    </ClCompile>
    <ClCompile Include="special.cpp">
      <Filter>Source Files\Special Case</Filter>
    </ClCompile>
    <ClCompile Include="tutorial.cpp">
      <Filter>Source Files\Special Case</Filter>
    </ClCompile>
    <ClCompile Include="actors.cpp">
      <Filter>Source Files\System</Filter>
    </ClCompile>
    <ClCompile Include="animation.cpp">
      <Filter>Source Files\System</Filter>
    </ClCompile>
    <ClCompile Include="attach.cpp">
      <Filter>Source Files\System</Filter>
    </ClCompile>
    <ClCompile Include="characters.cpp">
      <Filter>Source Files\System</Filter>
    </ClCompile>
    <ClCompile Include="Cheats.cpp">
      <Filter>Source Files\System</Filter>
    </ClCompile>
    <ClCompile Include="chrisscene.cpp">
      <Filter>Source Files\System</Filter>
    </ClCompile>
    <ClCompile Include="claudescene.cpp">
      <Filter>Source Files\System</Filter>
    </ClCompile>
    <ClCompile Include="collectibles.cpp">
      <Filter>Source Files\System</Filter>
    </ClCompile>
    <ClCompile Include="Colour.cpp">
      <Filter>Source Files\System</Filter>
    </ClCompile>
    <ClCompile Include="control.cpp">
      <Filter>Source Files\System</Filter>
    </ClCompile>
    <ClCompile Include="countdown.cpp">
      <Filter>Source Files\System</Filter>
    </ClCompile>
    <ClCompile Include="debris.cpp">
      <Filter>Source Files\System</Filter>
    </ClCompile>
    <ClCompile Include="debug.cpp">
      <Filter>Source Files\System</Filter>
    </ClCompile>
    <ClCompile Include="demo.cpp">
      <Filter>Source Files\System</Filter>
    </ClCompile>
    <ClCompile Include="display.cpp">
      <Filter>Source Files\System</Filter>
    </ClCompile>
    <ClCompile Include="endoflevelstats.cpp">
      <Filter>Source Files\System</Filter>
    </ClCompile>
    <ClCompile Include="events.cpp">
      <Filter>Source Files\System</Filter>
    </ClCompile>
    <ClCompile Include="files.cpp">
      <Filter>Source Files\System</Filter>
    </ClCompile>
    <ClCompile Include="font.cpp">
      <Filter>Source Files\System</Filter>
    </ClCompile>
    <ClCompile Include="GlobalSettings.cpp">
      <Filter>Source Files\System</Filter>
    </ClCompile>
    <ClCompile Include="gui.cpp">
      <Filter>Source Files\System</Filter>
    </ClCompile>
    <ClCompile Include="health.cpp">
      <Filter>Source Files\System</Filter>
    </ClCompile>
    <ClCompile Include="highscores.cpp">
      <Filter>Source Files\System</Filter>
    </ClCompile>
    <ClCompile Include="invisibleobjects.cpp">
      <Filter>Source Files\System</Filter>
    </ClCompile>
    <ClCompile Include="LinkedList.cpp">
      <Filter>Source Files\System</Filter>
    </ClCompile>
    <ClCompile Include="main.cpp">
      <Filter>Source Files\System</Filter>
    </ClCompile>
    <ClCompile Include="map.cpp">
      <Filter>Source Files\System</Filter>
    </ClCompile>
    <ClCompile Include="mapfile.cpp">
      <Filter>Source Files\System</Filter>
    </ClCompile>
    <ClCompile Include="maths.cpp">
      <Filter>Source Files\System</Filter>
    </ClCompile>
    <ClCompile Include="MemCard.cpp">
      <Filter>Source Files\System</Filter>
    </ClCompile>
    <ClCompile Include="mouse.cpp">
      <Filter>Source Files\System</Filter>
    </ClCompile>
    <ClCompile Include="music.cpp">
      <Filter>Source Files\System</Filter>
    </ClCompile>
    <ClCompile Include="objectviewer.cpp">
      <Filter>Source Files\System</Filter>
    </ClCompile>
    <ClCompile Include="ParseMap.cpp">
      <Filter>Source Files\System</Filter>
    </ClCompile>
    <ClCompile Include="paths.cpp">
      <Filter>Source Files\System</Filter>
    </ClCompile>
    <ClCompile Include="pause.cpp">
      <Filter>Source Files\System</Filter>
    </ClCompile>
    <ClCompile Include="PhilScene.cpp">
      <Filter>Source Files\System</Filter>
    </ClCompile>
    <ClCompile Include="player.cpp">
      <Filter>Source Files\System</Filter>
    </ClCompile>
    <ClCompile Include="playerstats.cpp">
      <Filter>Source Files\System</Filter>
    </ClCompile>
    <ClCompile Include="prompt.cpp">
      <Filter>Source Files\System</Filter>
    </ClCompile>
    <ClCompile Include="Rectangle.cpp">
      <Filter>Source Files\System</Filter>
    </ClCompile>
    <ClCompile Include="scene.cpp">
      <Filter>Source Files\System</Filter>
    </ClCompile>
    <ClCompile Include="sfx.cpp">
      <Filter>Source Files\System</Filter>
    </ClCompile>
    <ClCompile Include="sonystuff.cpp">
      <Filter>Source Files\System</Filter>
    </ClCompile>
    <ClCompile Include="splashscreen.cpp">
      <Filter>Source Files\System</Filter>
    </ClCompile>
    <ClCompile Include="status.cpp">
      <Filter>Source Files\System</Filter>
    </ClCompile>
    <ClCompile Include="subtitle.cpp">
      <Filter>Source Files\System</Filter>
    </ClCompile>
    <ClCompile Include="textures.cpp">
      <Filter>Source Files\System</Filter>
    </ClCompile>
    <ClCompile Include="timer.cpp">
      <Filter>Source Files\System</Filter>
    </ClCompile>
    <ClCompile Include="tonyscene.cpp">
      <Filter>Source Files\System</Filter>
    </ClCompile>
    <ClCompile Include="trail.cpp">
      <Filter>Source Files\System</Filter>
    </ClCompile>
    <ClCompile Include="trigger.cpp">
      <Filter>Source Files\System</Filter>
    </ClCompile>
    <ClCompile Include="util.cpp">
      <Filter>Source Files\System</Filter>
    </ClCompile>
    <ClCompile Include="Vec.cpp">
      <Filter>Source Files\System</Filter>
    </ClCompile>
    <ClCompile Include="volume.cpp">
      <Filter>Source Files\System</Filter>
    </ClCompile>
    <ClCompile Include="camera.cpp">
      <Filter>Source Files\Camera</Filter>
    </ClCompile>
    <ClCompile Include="cameracase.cpp">
      <Filter>Source Files\Camera</Filter>
    </ClCompile>
    <ClCompile Include="cutscene.cpp">
      <Filter>Source Files\Camera</Filter>
    </ClCompile>
    <ClCompile Include="KOScam.cpp">
      <Filter>Source Files\Camera</Filter>
    </ClCompile>
    <ClCompile Include="quakecam.cpp">
      <Filter>Source Files\Camera</Filter>
    </ClCompile>
    <ClCompile Include="smashcamera.cpp">
      <Filter>Source Files\Camera</Filter>
    </ClCompile>
    <ClCompile Include="destruct.cpp">
      <Filter>Source Files\Multiplayer</Filter>
    </ClCompile>
    <ClCompile Include="diner.cpp">
      <Filter>Source Files\Multiplayer</Filter>
    </ClCompile>
    <ClCompile Include="multiplayer.cpp">
      <Filter>Source Files\Multiplayer</Filter>
    </ClCompile>
    <ClCompile Include="race.cpp">
      <Filter>Source Files\Multiplayer</Filter>
    </ClCompile>
    <ClCompile Include="Tournament.cpp">
      <Filter>Source Files\Multiplayer</Filter>
    </ClCompile>
    <ClCompile Include="chargeattack.cpp">
      <Filter>Source Files\Bosses\mechatweety</Filter>
    </ClCompile>
    <ClCompile Include="crateattack.cpp">
      <Filter>Source Files\Bosses\mechatweety</Filter>
    </ClCompile>
    <ClCompile Include="electricityattack.cpp">
      <Filter>Source Files\Bosses\mechatweety</Filter>
    </ClCompile>
    <ClCompile Include="mechatweety.cpp">
      <Filter>Source Files\Bosses\mechatweety</Filter>
    </ClCompile>
    <ClCompile Include="mtweetymagnet.cpp">
      <Filter>Source Files\Bosses\mechatweety</Filter>
    </ClCompile>
    <ClCompile Include="mtweetyscripts.cpp">
      <Filter>Source Files\Bosses\mechatweety</Filter>
    </ClCompile>
    <ClCompile Include="redshield.cpp">
      <Filter>Source Files\Bosses\mechatweety</Filter>
    </ClCompile>
    <ClCompile Include="tazbossitems.cpp">
      <Filter>Source Files\Bosses\mechatweety</Filter>
    </ClCompile>
    <ClCompile Include="tweetytransporter.cpp">
      <Filter>Source Files\Bosses\mechatweety</Filter>
    </ClCompile>
    <ClCompile Include="BrickDisplay.cpp">
      <Filter>Source Files\Bosses\WestBoss</Filter>
    </ClCompile>
    <ClCompile Include="GolfBar.cpp">
      <Filter>Source Files\Bosses\WestBoss</Filter>
    </ClCompile>
    <ClCompile Include="WestBoss.cpp">
      <Filter>Source Files\Bosses\WestBoss</Filter>
    </ClCompile>
    <ClCompile Include="WestBossExp.cpp">
      <Filter>Source Files\Bosses\WestBoss</Filter>
    </ClCompile>
    <ClCompile Include="ZooBoss.cpp">
      <Filter>Source Files\Bosses\ZooBoss</Filter>
    </ClCompile>
    <ClCompile Include="atlasphere.cpp">
      <Filter>Source Files\Bosses</Filter>
    </ClCompile>
    <ClCompile Include="Boss.cpp">
      <Filter>Source Files\Bosses</Filter>
    </ClCompile>
    <ClCompile Include="bossgamecontinue.cpp">
      <Filter>Source Files\Bosses</Filter>
    </ClCompile>
    <ClCompile Include="CityBoss.cpp">
      <Filter>Source Files\Bosses</Filter>
    </ClCompile>
    <ClCompile Include="tazboss1.cpp">
      <Filter>Source Files\Bosses</Filter>
    </ClCompile>
    <ClCompile Include="bubblegum.cpp">
      <Filter>Source Files\Power-ups</Filter>
    </ClCompile>
    <ClCompile Include="chillipepper.cpp">
      <Filter>Source Files\Power-ups</Filter>
    </ClCompile>
    <ClCompile Include="hiccup.cpp">
      <Filter>Source Files\Power-ups</Filter>
    </ClCompile>
    <ClCompile Include="invisibletaz.cpp">
      <Filter>Source Files\Power-ups</Filter>
    </ClCompile>
    <ClCompile Include="superburp.cpp">
      <Filter>Source Files\Power-ups</Filter>
    </ClCompile>
    <ClCompile Include="superburpeffect.cpp">
      <Filter>Source Files\Power-ups</Filter>
    </ClCompile>
    <ClCompile Include="audiomenu.cpp">
      <Filter>Source Files\frontend\Menu</Filter>
    </ClCompile>
    <ClCompile Include="extrasmenu.cpp">
      <Filter>Source Files\frontend\Menu</Filter>
    </ClCompile>
    <ClCompile Include="frontendmenu.cpp">
      <Filter>Source Files\frontend\Menu</Filter>
    </ClCompile>
    <ClCompile Include="gallerymenu.cpp">
      <Filter>Source Files\frontend\Menu</Filter>
    </ClCompile>
    <ClCompile Include="optionsmenu.cpp">
      <Filter>Source Files\frontend\Menu</Filter>
    </ClCompile>
    <ClCompile Include="recordsmenu.cpp">
      <Filter>Source Files\frontend\Menu</Filter>
    </ClCompile>
    <ClCompile Include="secretsmenu.cpp">
      <Filter>Source Files\frontend\Menu</Filter>
    </ClCompile>
    <ClCompile Include="startgamemenu.cpp">
      <Filter>Source Files\frontend\Menu</Filter>
    </ClCompile>
    <ClCompile Include="twoplayermenu.cpp">
      <Filter>Source Files\frontend\Menu</Filter>
    </ClCompile>
    <ClCompile Include="BookList.cpp">
      <Filter>Source Files\frontend\Book</Filter>
    </ClCompile>
    <ClCompile Include="CheckBox.cpp">
      <Filter>Source Files\frontend\Book</Filter>
    </ClCompile>
    <ClCompile Include="HealthBar.cpp">
      <Filter>Source Files\frontend\Book</Filter>
    </ClCompile>
    <ClCompile Include="Icon.cpp">
      <Filter>Source Files\frontend\Book</Filter>
    </ClCompile>
    <ClCompile Include="PageItemFX.cpp">
      <Filter>Source Files\frontend\Book</Filter>
    </ClCompile>
    <ClCompile Include="PaperBook.cpp">
      <Filter>Source Files\frontend\Book</Filter>
    </ClCompile>
    <ClCompile Include="popup.cpp">
      <Filter>Source Files\frontend\Book</Filter>
    </ClCompile>
    <ClCompile Include="Slider.cpp">
      <Filter>Source Files\frontend\Book</Filter>
    </ClCompile>
    <ClCompile Include="Spinner.cpp">
      <Filter>Source Files\frontend\Book</Filter>
    </ClCompile>
    <ClCompile Include="Table.cpp">
      <Filter>Source Files\frontend\Book</Filter>
    </ClCompile>
    <ClCompile Include="TextBox.cpp">
      <Filter>Source Files\frontend\Book</Filter>
    </ClCompile>
    <ClCompile Include="TextFX.cpp">
      <Filter>Source Files\frontend\Book</Filter>
    </ClCompile>
    <ClCompile Include="credits.cpp">
      <Filter>Source Files\frontend</Filter>
    </ClCompile>
    <ClCompile Include="death.cpp">
      <Filter>Source Files\frontend</Filter>
    </ClCompile>
    <ClCompile Include="frontendanimation.cpp">
      <Filter>Source Files\frontend</Filter>
    </ClCompile>
    <ClCompile Include="frontendcamera.cpp">
      <Filter>Source Files\frontend</Filter>
    </ClCompile>
    <ClCompile Include="frontendmain.cpp">
      <Filter>Source Files\frontend</Filter>
    </ClCompile>
    <ClCompile Include="langaugeanimation.cpp">
      <Filter>Source Files\frontend</Filter>
    </ClCompile>
    <ClCompile Include="languagemain.cpp">
      <Filter>Source Files\frontend</Filter>
    </ClCompile>
    <ClCompile Include="mirrorball.cpp">
      <Filter>Source Files</Filter>
    </ClCompile>
    <ClCompile Include="rapperblast.cpp">
      <Filter>Source Files</Filter>
    </ClCompile>
    <ClCompile Include="tumbleweed.cpp">
      <Filter>Source Files</Filter>
    </ClCompile>
    <ClCompile Include="voodoospelleffect.cpp">
      <Filter>Source Files</Filter>
    </ClCompile>
  </ItemGroup>
  <ItemGroup>
    <ClInclude Include="buzzard.h">
      <Filter>Header Files\Character AI Headers\beaky headers</Filter>
    </ClInclude>
    <ClInclude Include="buzzardscripts.h">
      <Filter>Header Files\Character AI Headers\beaky headers</Filter>
    </ClInclude>
    <ClInclude Include="alligator.h">
      <Filter>Header Files\Character AI Headers</Filter>
    </ClInclude>
    <ClInclude Include="anvilgang.h">
      <Filter>Header Files\Character AI Headers</Filter>
    </ClInclude>
    <ClInclude Include="apes.h">
      <Filter>Header Files\Character AI Headers</Filter>
    </ClInclude>
    <ClInclude Include="bears.h">
      <Filter>Header Files\Character AI Headers</Filter>
    </ClInclude>
    <ClInclude Include="bjshellac.h">
      <Filter>Header Files\Character AI Headers</Filter>
    </ClInclude>
    <ClInclude Include="constructionbot.h">
      <Filter>Header Files\Character AI Headers</Filter>
    </ClInclude>
    <ClInclude Include="constructionworker.h">
      <Filter>Header Files\Character AI Headers</Filter>
    </ClInclude>
    <ClInclude Include="doggy.h">
      <Filter>Header Files\Character AI Headers</Filter>
    </ClInclude>
    <ClInclude Include="genericai.h">
      <Filter>Header Files\Character AI Headers</Filter>
    </ClInclude>
    <ClInclude Include="minerbot.h">
      <Filter>Header Files\Character AI Headers</Filter>
    </ClInclude>
    <ClInclude Include="museumguard.h">
      <Filter>Header Files\Character AI Headers</Filter>
    </ClInclude>
    <ClInclude Include="nastycan.h">
      <Filter>Header Files\Character AI Headers</Filter>
    </ClInclude>
    <ClInclude Include="securitybot.h">
      <Filter>Header Files\Character AI Headers</Filter>
    </ClInclude>
    <ClInclude Include="shark.h">
      <Filter>Header Files\Character AI Headers</Filter>
    </ClInclude>
    <ClInclude Include="taskforce.h">
      <Filter>Header Files\Character AI Headers</Filter>
    </ClInclude>
    <ClInclude Include="tazcatcher.h">
      <Filter>Header Files\Character AI Headers</Filter>
    </ClInclude>
    <ClInclude Include="tribalchief.h">
      <Filter>Header Files\Character AI Headers</Filter>
    </ClInclude>
    <ClInclude Include="tweety.h">
      <Filter>Header Files\Character AI Headers</Filter>
    </ClInclude>
    <ClInclude Include="zookeeper.h">
      <Filter>Header Files\Character AI Headers</Filter>
    </ClInclude>
    <ClInclude Include="arrow.h">
      <Filter>Header Files\Environment Headers</Filter>
    </ClInclude>
    <ClInclude Include="breakables.h">
      <Filter>Header Files\Environment Headers</Filter>
    </ClInclude>
    <ClInclude Include="bumper.h">
      <Filter>Header Files\Environment Headers</Filter>
    </ClInclude>
    <ClInclude Include="clangerreset.h">
      <Filter>Header Files\Environment Headers</Filter>
    </ClInclude>
    <ClInclude Include="destructibles.h">
      <Filter>Header Files\Environment Headers</Filter>
    </ClInclude>
    <ClInclude Include="doors.h">
      <Filter>Header Files\Environment Headers</Filter>
    </ClInclude>
    <ClInclude Include="escalator.h">
      <Filter>Header Files\Environment Headers</Filter>
    </ClInclude>
    <ClInclude Include="fallingobjects.h">
      <Filter>Header Files\Environment Headers</Filter>
    </ClInclude>
    <ClInclude Include="famethrowa.h">
      <Filter>Header Files\Environment Headers</Filter>
    </ClInclude>
    <ClInclude Include="floorpolisherwantedposter.h">
      <Filter>Header Files\Environment Headers</Filter>
    </ClInclude>
    <ClInclude Include="foodrandomiser.h">
      <Filter>Header Files\Environment Headers</Filter>
    </ClInclude>
    <ClInclude Include="fountain.h">
      <Filter>Header Files\Environment Headers</Filter>
    </ClInclude>
    <ClInclude Include="fountainextrasystem.h">
      <Filter>Header Files\Environment Headers</Filter>
    </ClInclude>
    <ClInclude Include="ice.h">
      <Filter>Header Files\Environment Headers</Filter>
    </ClInclude>
    <ClInclude Include="lava.h">
      <Filter>Header Files\Environment Headers</Filter>
    </ClInclude>
    <ClInclude Include="magnet.h">
      <Filter>Header Files\Environment Headers</Filter>
    </ClInclude>
    <ClInclude Include="mailbox.h">
      <Filter>Header Files\Environment Headers</Filter>
    </ClInclude>
    <ClInclude Include="musicandsavagebeasts.h">
      <Filter>Header Files\Environment Headers</Filter>
    </ClInclude>
    <ClInclude Include="phonebox.h">
      <Filter>Header Files\Environment Headers</Filter>
    </ClInclude>
    <ClInclude Include="portal.h">
      <Filter>Header Files\Environment Headers</Filter>
    </ClInclude>
    <ClInclude Include="projectile.h">
      <Filter>Header Files\Environment Headers</Filter>
    </ClInclude>
    <ClInclude Include="scenicobjects.h">
      <Filter>Header Files\Environment Headers</Filter>
    </ClInclude>
    <ClInclude Include="slides.h">
      <Filter>Header Files\Environment Headers</Filter>
    </ClInclude>
    <ClInclude Include="speedboost.h">
      <Filter>Header Files\Environment Headers</Filter>
    </ClInclude>
    <ClInclude Include="splatobjects.h">
      <Filter>Header Files\Environment Headers</Filter>
    </ClInclude>
    <ClInclude Include="springyobjects.h">
      <Filter>Header Files\Environment Headers</Filter>
    </ClInclude>
    <ClInclude Include="steppingstone.h">
      <Filter>Header Files\Environment Headers</Filter>
    </ClInclude>
    <ClInclude Include="swingingobjects.h">
      <Filter>Header Files\Environment Headers</Filter>
    </ClInclude>
    <ClInclude Include="tiltingobjects.h">
      <Filter>Header Files\Environment Headers</Filter>
    </ClInclude>
    <ClInclude Include="transporter.h">
      <Filter>Header Files\Environment Headers</Filter>
    </ClInclude>
    <ClInclude Include="wantedposter.h">
      <Filter>Header Files\Environment Headers</Filter>
    </ClInclude>
    <ClInclude Include="water.h">
      <Filter>Header Files\Environment Headers</Filter>
    </ClInclude>
    <ClInclude Include="zapper.h">
      <Filter>Header Files\Environment Headers</Filter>
    </ClInclude>
    <ClInclude Include="shadow.h">
      <Filter>Header Files\Effects Headers\Shadows</Filter>
    </ClInclude>
    <ClInclude Include="ShadowExtra.h">
      <Filter>Header Files\Effects Headers\Shadows</Filter>
    </ClInclude>
    <ClInclude Include="aircon.h">
      <Filter>Header Files\Effects Headers</Filter>
    </ClInclude>
    <ClInclude Include="cartoonscaling.h">
      <Filter>Header Files\Effects Headers</Filter>
    </ClInclude>
    <ClInclude Include="cheesegun.h">
      <Filter>Header Files\Effects Headers</Filter>
    </ClInclude>
    <ClInclude Include="clouds.h">
      <Filter>Header Files\Effects Headers</Filter>
    </ClInclude>
    <ClInclude Include="Colour.h">
      <Filter>Header Files\Effects Headers</Filter>
    </ClInclude>
    <ClInclude Include="costumes.h">
      <Filter>Header Files\Effects Headers</Filter>
    </ClInclude>
    <ClInclude Include="decals.h">
      <Filter>Header Files\Effects Headers</Filter>
    </ClInclude>
    <ClInclude Include="eating.h">
      <Filter>Header Files\Effects Headers</Filter>
    </ClInclude>
    <ClInclude Include="effects.h">
      <Filter>Header Files\Effects Headers</Filter>
    </ClInclude>
    <ClInclude Include="electrocution.h">
      <Filter>Header Files\Effects Headers</Filter>
    </ClInclude>
    <ClInclude Include="envmap.h">
      <Filter>Header Files\Effects Headers</Filter>
    </ClInclude>
    <ClInclude Include="explode.h">
      <Filter>Header Files\Effects Headers</Filter>
    </ClInclude>
    <ClInclude Include="fade.h">
      <Filter>Header Files\Effects Headers</Filter>
    </ClInclude>
    <ClInclude Include="fire.h">
      <Filter>Header Files\Effects Headers</Filter>
    </ClInclude>
    <ClInclude Include="Fireball.h">
      <Filter>Header Files\Effects Headers</Filter>
    </ClInclude>
    <ClInclude Include="fireworks.h">
      <Filter>Header Files\Effects Headers</Filter>
    </ClInclude>
    <ClInclude Include="Flies.h">
      <Filter>Header Files\Effects Headers</Filter>
    </ClInclude>
    <ClInclude Include="flocking.h">
      <Filter>Header Files\Effects Headers</Filter>
    </ClInclude>
    <ClInclude Include="footalign.h">
      <Filter>Header Files\Effects Headers</Filter>
    </ClInclude>
    <ClInclude Include="Glare.h">
      <Filter>Header Files\Effects Headers</Filter>
    </ClInclude>
    <ClInclude Include="glowaroundplinth.h">
      <Filter>Header Files\Effects Headers</Filter>
    </ClInclude>
    <ClInclude Include="haar.h">
      <Filter>Header Files\Effects Headers</Filter>
    </ClInclude>
    <ClInclude Include="halo.h">
      <Filter>Header Files\Effects Headers</Filter>
    </ClInclude>
    <ClInclude Include="holysmoke.h">
      <Filter>Header Files\Effects Headers</Filter>
    </ClInclude>
    <ClInclude Include="laser.h">
      <Filter>Header Files\Effects Headers</Filter>
    </ClInclude>
    <ClInclude Include="lightning.h">
      <Filter>Header Files\Effects Headers</Filter>
    </ClInclude>
    <ClInclude Include="lights.h">
      <Filter>Header Files\Effects Headers</Filter>
    </ClInclude>
    <ClInclude Include="phoneboxeffect.h">
      <Filter>Header Files\Effects Headers</Filter>
    </ClInclude>
    <ClInclude Include="polyeffects.h">
      <Filter>Header Files\Effects Headers</Filter>
    </ClInclude>
    <ClInclude Include="PongDust.h">
      <Filter>Header Files\Effects Headers</Filter>
    </ClInclude>
    <ClInclude Include="postcard.h">
      <Filter>Header Files\Effects Headers</Filter>
    </ClInclude>
    <ClInclude Include="precipitation.h">
      <Filter>Header Files\Effects Headers</Filter>
    </ClInclude>
    <ClInclude Include="rumble.h">
      <Filter>Header Files\Effects Headers</Filter>
    </ClInclude>
    <ClInclude Include="screenfx.h">
      <Filter>Header Files\Effects Headers</Filter>
    </ClInclude>
    <ClInclude Include="securitybox.h">
      <Filter>Header Files\Effects Headers</Filter>
    </ClInclude>
    <ClInclude Include="shatter.h">
      <Filter>Header Files\Effects Headers</Filter>
    </ClInclude>
    <ClInclude Include="shockwave.h">
      <Filter>Header Files\Effects Headers</Filter>
    </ClInclude>
    <ClInclude Include="sparks.h">
      <Filter>Header Files\Effects Headers</Filter>
    </ClInclude>
    <ClInclude Include="spineffect.h">
      <Filter>Header Files\Effects Headers</Filter>
    </ClInclude>
    <ClInclude Include="tarbubble.h">
      <Filter>Header Files\Effects Headers</Filter>
    </ClInclude>
    <ClInclude Include="tartantaz.h">
      <Filter>Header Files\Effects Headers</Filter>
    </ClInclude>
    <ClInclude Include="thoughtbubble.h">
      <Filter>Header Files\Effects Headers</Filter>
    </ClInclude>
    <ClInclude Include="thwap.h">
      <Filter>Header Files\Effects Headers</Filter>
    </ClInclude>
    <ClInclude Include="transportereffect.h">
      <Filter>Header Files\Effects Headers</Filter>
    </ClInclude>
    <ClInclude Include="VideoFX.h">
      <Filter>Header Files\Effects Headers</Filter>
    </ClInclude>
    <ClInclude Include="voodoocloud.h">
      <Filter>Header Files\Effects Headers</Filter>
    </ClInclude>
    <ClInclude Include="waterfall.h">
      <Filter>Header Files\Effects Headers</Filter>
    </ClInclude>
    <ClInclude Include="waterrings.h">
      <Filter>Header Files\Effects Headers</Filter>
    </ClInclude>
    <ClInclude Include="watersplash.h">
      <Filter>Header Files\Effects Headers</Filter>
    </ClInclude>
    <ClInclude Include="zzz.h">
      <Filter>Header Files\Effects Headers</Filter>
    </ClInclude>
    <ClInclude Include="collision.h">
      <Filter>Header Files\Physics Headers</Filter>
    </ClInclude>
    <ClInclude Include="collisioncache.h">
      <Filter>Header Files\Physics Headers</Filter>
    </ClInclude>
    <ClInclude Include="physics.h">
      <Filter>Header Files\Physics Headers</Filter>
    </ClInclude>
    <ClInclude Include="floorpolisher.h">
      <Filter>Header Files\Vehicle Headers</Filter>
    </ClInclude>
    <ClInclude Include="hovercraft.h">
      <Filter>Header Files\Vehicle Headers</Filter>
    </ClInclude>
    <ClInclude Include="minecart.h">
      <Filter>Header Files\Vehicle Headers</Filter>
    </ClInclude>
    <ClInclude Include="pneumaticplunger.h">
      <Filter>Header Files\Vehicle Headers</Filter>
    </ClInclude>
    <ClInclude Include="rocketbike.h">
      <Filter>Header Files\Vehicle Headers</Filter>
    </ClInclude>
    <ClInclude Include="trolley.h">
      <Filter>Header Files\Vehicle Headers</Filter>
    </ClInclude>
    <ClInclude Include="vehicles.h">
      <Filter>Header Files\Vehicle Headers</Filter>
    </ClInclude>
    <ClInclude Include="MonitorFX.h">
      <Filter>Header Files\Special Case Headers</Filter>
    </ClInclude>
    <ClInclude Include="snowball.h">
      <Filter>Header Files\Special Case Headers</Filter>
    </ClInclude>
    <ClInclude Include="special.h">
      <Filter>Header Files\Special Case Headers</Filter>
    </ClInclude>
    <ClInclude Include="tutorial.h">
      <Filter>Header Files\Special Case Headers</Filter>
    </ClInclude>
    <ClInclude Include="actors.h">
      <Filter>Header Files\System Headers</Filter>
    </ClInclude>
    <ClInclude Include="animation.h">
      <Filter>Header Files\System Headers</Filter>
    </ClInclude>
    <ClInclude Include="attach.h">
      <Filter>Header Files\System Headers</Filter>
    </ClInclude>
    <ClInclude Include="characters.h">
      <Filter>Header Files\System Headers</Filter>
    </ClInclude>
    <ClInclude Include="Cheats.h">
      <Filter>Header Files\System Headers</Filter>
    </ClInclude>
    <ClInclude Include="chrisscene.h">
      <Filter>Header Files\System Headers</Filter>
    </ClInclude>
    <ClInclude Include="claudescene.h">
      <Filter>Header Files\System Headers</Filter>
    </ClInclude>
    <ClInclude Include="collectibles.h">
      <Filter>Header Files\System Headers</Filter>
    </ClInclude>
    <ClInclude Include="control.h">
      <Filter>Header Files\System Headers</Filter>
    </ClInclude>
    <ClInclude Include="countdown.h">
      <Filter>Header Files\System Headers</Filter>
    </ClInclude>
    <ClInclude Include="debris.h">
      <Filter>Header Files\System Headers</Filter>
    </ClInclude>
    <ClInclude Include="debug.h">
      <Filter>Header Files\System Headers</Filter>
    </ClInclude>
    <ClInclude Include="demo.h">
      <Filter>Header Files\System Headers</Filter>
    </ClInclude>
    <ClInclude Include="display.h">
      <Filter>Header Files\System Headers</Filter>
    </ClInclude>
    <ClInclude Include="Dungeon.h">
      <Filter>Header Files\System Headers</Filter>
    </ClInclude>
    <ClInclude Include="endoflevelstats.h">
      <Filter>Header Files\System Headers</Filter>
    </ClInclude>
    <ClInclude Include="events.h">
      <Filter>Header Files\System Headers</Filter>
    </ClInclude>
    <ClInclude Include="files.h">
      <Filter>Header Files\System Headers</Filter>
    </ClInclude>
    <ClInclude Include="font.h">
      <Filter>Header Files\System Headers</Filter>
    </ClInclude>
    <ClInclude Include="global.h">
      <Filter>Header Files\System Headers</Filter>
    </ClInclude>
    <ClInclude Include="GlobalSettings.h">
      <Filter>Header Files\System Headers</Filter>
    </ClInclude>
    <ClInclude Include="gui.h">
      <Filter>Header Files\System Headers</Filter>
    </ClInclude>
    <ClInclude Include="health.h">
      <Filter>Header Files\System Headers</Filter>
    </ClInclude>
    <ClInclude Include="highscores.h">
      <Filter>Header Files\System Headers</Filter>
    </ClInclude>
    <ClInclude Include="invisibleobjects.h">
      <Filter>Header Files\System Headers</Filter>
    </ClInclude>
    <ClInclude Include="libsceedemo.h">
      <Filter>Header Files\System Headers</Filter>
    </ClInclude>
    <ClInclude Include="LinkedList.h">
      <Filter>Header Files\System Headers</Filter>
    </ClInclude>
    <ClInclude Include="LoopArray.h">
      <Filter>Header Files\System Headers</Filter>
    </ClInclude>
    <ClInclude Include="main.h">
      <Filter>Header Files\System Headers</Filter>
    </ClInclude>
    <ClInclude Include="map.h">
      <Filter>Header Files\System Headers</Filter>
    </ClInclude>
    <ClInclude Include="mapfile.h">
      <Filter>Header Files\System Headers</Filter>
    </ClInclude>
    <ClInclude Include="maths.h">
      <Filter>Header Files\System Headers</Filter>
    </ClInclude>
    <ClInclude Include="..\..\Windows\me.h">
      <Filter>Header Files\System Headers</Filter>
    </ClInclude>
    <ClInclude Include="MemCard.h">
      <Filter>Header Files\System Headers</Filter>
    </ClInclude>
    <ClInclude Include="mouse.h">
      <Filter>Header Files\System Headers</Filter>
    </ClInclude>
    <ClInclude Include="music.h">
      <Filter>Header Files\System Headers</Filter>
    </ClInclude>
    <ClInclude Include="objectviewer.h">
      <Filter>Header Files\System Headers</Filter>
    </ClInclude>
    <ClInclude Include="ParseMap.h">
      <Filter>Header Files\System Headers</Filter>
    </ClInclude>
    <ClInclude Include="paths.h">
      <Filter>Header Files\System Headers</Filter>
    </ClInclude>
    <ClInclude Include="pause.h">
      <Filter>Header Files\System Headers</Filter>
    </ClInclude>
    <ClInclude Include="PhilScene.h">
      <Filter>Header Files\System Headers</Filter>
    </ClInclude>
    <ClInclude Include="player.h">
      <Filter>Header Files\System Headers</Filter>
    </ClInclude>
    <ClInclude Include="playerstats.h">
      <Filter>Header Files\System Headers</Filter>
    </ClInclude>
    <ClInclude Include="prompt.h">
      <Filter>Header Files\System Headers</Filter>
    </ClInclude>
    <ClInclude Include="Rectangle.h">
      <Filter>Header Files\System Headers</Filter>
    </ClInclude>
    <ClInclude Include="scene.h">
      <Filter>Header Files\System Headers</Filter>
    </ClInclude>
    <ClInclude Include="sfx.h">
      <Filter>Header Files\System Headers</Filter>
    </ClInclude>
    <ClInclude Include="sonystuff.h">
      <Filter>Header Files\System Headers</Filter>
    </ClInclude>
    <ClInclude Include="splashscreen.h">
      <Filter>Header Files\System Headers</Filter>
    </ClInclude>
    <ClInclude Include="status.h">
      <Filter>Header Files\System Headers</Filter>
    </ClInclude>
    <ClInclude Include="subtitle.h">
      <Filter>Header Files\System Headers</Filter>
    </ClInclude>
    <ClInclude Include="taz.h">
      <Filter>Header Files\System Headers</Filter>
    </ClInclude>
    <ClInclude Include="text.h">
      <Filter>Header Files\System Headers</Filter>
    </ClInclude>
    <ClInclude Include="text2.h">
      <Filter>Header Files\System Headers</Filter>
    </ClInclude>
    <ClInclude Include="textures.h">
      <Filter>Header Files\System Headers</Filter>
    </ClInclude>
    <ClInclude Include="timer.h">
      <Filter>Header Files\System Headers</Filter>
    </ClInclude>
    <ClInclude Include="tonyscene.h">
      <Filter>Header Files\System Headers</Filter>
    </ClInclude>
    <ClInclude Include="trail.h">
      <Filter>Header Files\System Headers</Filter>
    </ClInclude>
    <ClInclude Include="trigger.h">
      <Filter>Header Files\System Headers</Filter>
    </ClInclude>
    <ClInclude Include="util.h">
      <Filter>Header Files\System Headers</Filter>
    </ClInclude>
    <ClInclude Include="Vec.h">
      <Filter>Header Files\System Headers</Filter>
    </ClInclude>
    <ClInclude Include="volume.h">
      <Filter>Header Files\System Headers</Filter>
    </ClInclude>
    <ClInclude Include="camera.h">
      <Filter>Header Files\Camera Headers</Filter>
    </ClInclude>
    <ClInclude Include="cameracase.h">
      <Filter>Header Files\Camera Headers</Filter>
    </ClInclude>
    <ClInclude Include="cutscene.h">
      <Filter>Header Files\Camera Headers</Filter>
    </ClInclude>
    <ClInclude Include="KOScam.h">
      <Filter>Header Files\Camera Headers</Filter>
    </ClInclude>
    <ClInclude Include="quakecam.h">
      <Filter>Header Files\Camera Headers</Filter>
    </ClInclude>
    <ClInclude Include="smashcamera.h">
      <Filter>Header Files\Camera Headers</Filter>
    </ClInclude>
    <ClInclude Include="destruct.h">
      <Filter>Header Files\Multiplayer Headers</Filter>
    </ClInclude>
    <ClInclude Include="diner.h">
      <Filter>Header Files\Multiplayer Headers</Filter>
    </ClInclude>
    <ClInclude Include="multiplayer.h">
      <Filter>Header Files\Multiplayer Headers</Filter>
    </ClInclude>
    <ClInclude Include="race.h">
      <Filter>Header Files\Multiplayer Headers</Filter>
    </ClInclude>
    <ClInclude Include="tournament.h">
      <Filter>Header Files\Multiplayer Headers</Filter>
    </ClInclude>
    <ClInclude Include="chargeattack.h">
      <Filter>Header Files\Boss Headers\mechatweety headers</Filter>
    </ClInclude>
    <ClInclude Include="crateattack.h">
      <Filter>Header Files\Boss Headers\mechatweety headers</Filter>
    </ClInclude>
    <ClInclude Include="electricityattack.h">
      <Filter>Header Files\Boss Headers\mechatweety headers</Filter>
    </ClInclude>
    <ClInclude Include="mechatweety.h">
      <Filter>Header Files\Boss Headers\mechatweety headers</Filter>
    </ClInclude>
    <ClInclude Include="mtweetymagnet.h">
      <Filter>Header Files\Boss Headers\mechatweety headers</Filter>
    </ClInclude>
    <ClInclude Include="mtweetyscripts.h">
      <Filter>Header Files\Boss Headers\mechatweety headers</Filter>
    </ClInclude>
    <ClInclude Include="redshield.h">
      <Filter>Header Files\Boss Headers\mechatweety headers</Filter>
    </ClInclude>
    <ClInclude Include="rocketscience.h">
      <Filter>Header Files\Boss Headers\mechatweety headers</Filter>
    </ClInclude>
    <ClInclude Include="tazbossitems.h">
      <Filter>Header Files\Boss Headers\mechatweety headers</Filter>
    </ClInclude>
    <ClInclude Include="tweetytransporter.h">
      <Filter>Header Files\Boss Headers\mechatweety headers</Filter>
    </ClInclude>
    <ClInclude Include="BrickDisplay.h">
      <Filter>Header Files\Boss Headers\WestBoss headers</Filter>
    </ClInclude>
    <ClInclude Include="GolfBar.h">
      <Filter>Header Files\Boss Headers\WestBoss headers</Filter>
    </ClInclude>
    <ClInclude Include="WestBoss.h">
      <Filter>Header Files\Boss Headers\WestBoss headers</Filter>
    </ClInclude>
    <ClInclude Include="WestBossExp.h">
      <Filter>Header Files\Boss Headers\WestBoss headers</Filter>
    </ClInclude>
    <ClInclude Include="ZooBoss.h">
      <Filter>Header Files\Boss Headers\ZooBoss headers</Filter>
    </ClInclude>
    <ClInclude Include="atlassphere.h">
      <Filter>Header Files\Boss Headers</Filter>
    </ClInclude>
    <ClInclude Include="Boss.h">
      <Filter>Header Files\Boss Headers</Filter>
    </ClInclude>
    <ClInclude Include="bossgamecontinue.h">
      <Filter>Header Files\Boss Headers</Filter>
    </ClInclude>
    <ClInclude Include="CityBoss.h">
      <Filter>Header Files\Boss Headers</Filter>
    </ClInclude>
    <ClInclude Include="tazboss1.h">
      <Filter>Header Files\Boss Headers</Filter>
    </ClInclude>
    <ClInclude Include="bubblegum.h">
      <Filter>Header Files\Power-up Headers</Filter>
    </ClInclude>
    <ClInclude Include="chillipepper.h">
      <Filter>Header Files\Power-up Headers</Filter>
    </ClInclude>
    <ClInclude Include="hiccup.h">
      <Filter>Header Files\Power-up Headers</Filter>
    </ClInclude>
    <ClInclude Include="invisibletaz.h">
      <Filter>Header Files\Power-up Headers</Filter>
    </ClInclude>
    <ClInclude Include="superburp.h">
      <Filter>Header Files\Power-up Headers</Filter>
    </ClInclude>
    <ClInclude Include="superburpeffect.h">
      <Filter>Header Files\Power-up Headers</Filter>
    </ClInclude>
    <ClInclude Include="audiomenu.h">
      <Filter>Header Files\frontend headers\Menu Headers</Filter>
    </ClInclude>
    <ClInclude Include="extrasmenu.h">
      <Filter>Header Files\frontend headers\Menu Headers</Filter>
    </ClInclude>
    <ClInclude Include="frontendmenu.h">
      <Filter>Header Files\frontend headers\Menu Headers</Filter>
    </ClInclude>
    <ClInclude Include="gallerymenu.h">
      <Filter>Header Files\frontend headers\Menu Headers</Filter>
    </ClInclude>
    <ClInclude Include="optionsmenu.h">
      <Filter>Header Files\frontend headers\Menu Headers</Filter>
    </ClInclude>
    <ClInclude Include="recordsmenu.h">
      <Filter>Header Files\frontend headers\Menu Headers</Filter>
    </ClInclude>
    <ClInclude Include="secretsmenu.h">
      <Filter>Header Files\frontend headers\Menu Headers</Filter>
    </ClInclude>
    <ClInclude Include="startgamemenu.h">
      <Filter>Header Files\frontend headers\Menu Headers</Filter>
    </ClInclude>
    <ClInclude Include="twoplayermenu.h">
      <Filter>Header Files\frontend headers\Menu Headers</Filter>
    </ClInclude>
    <ClInclude Include="CheckBox.h">
      <Filter>Header Files\frontend headers\Book Headers</Filter>
    </ClInclude>
    <ClInclude Include="HealthBar.h">
      <Filter>Header Files\frontend headers\Book Headers</Filter>
    </ClInclude>
    <ClInclude Include="Icon.h">
      <Filter>Header Files\frontend headers\Book Headers</Filter>
    </ClInclude>
    <ClInclude Include="PageItemFX.h">
      <Filter>Header Files\frontend headers\Book Headers</Filter>
    </ClInclude>
    <ClInclude Include="PaperBook.h">
      <Filter>Header Files\frontend headers\Book Headers</Filter>
    </ClInclude>
    <ClInclude Include="popup.h">
      <Filter>Header Files\frontend headers\Book Headers</Filter>
    </ClInclude>
    <ClInclude Include="Slider.h">
      <Filter>Header Files\frontend headers\Book Headers</Filter>
    </ClInclude>
    <ClInclude Include="Spinner.h">
      <Filter>Header Files\frontend headers\Book Headers</Filter>
    </ClInclude>
    <ClInclude Include="Table.h">
      <Filter>Header Files\frontend headers\Book Headers</Filter>
    </ClInclude>
    <ClInclude Include="TextBox.h">
      <Filter>Header Files\frontend headers\Book Headers</Filter>
    </ClInclude>
    <ClInclude Include="TextFX.h">
      <Filter>Header Files\frontend headers\Book Headers</Filter>
    </ClInclude>
    <ClInclude Include="credits.h">
      <Filter>Header Files\frontend headers</Filter>
    </ClInclude>
    <ClInclude Include="death.h">
      <Filter>Header Files\frontend headers</Filter>
    </ClInclude>
    <ClInclude Include="frontendanimation.h">
      <Filter>Header Files\frontend headers</Filter>
    </ClInclude>
    <ClInclude Include="frontendcamera.h">
      <Filter>Header Files\frontend headers</Filter>
    </ClInclude>
    <ClInclude Include="frontendmain.h">
      <Filter>Header Files\frontend headers</Filter>
    </ClInclude>
    <ClInclude Include="languageanimation.h">
      <Filter>Header Files\frontend headers</Filter>
    </ClInclude>
    <ClInclude Include="languagemain.h">
      <Filter>Header Files\frontend headers</Filter>
    </ClInclude>
    <ClInclude Include="mirrorball.h">
      <Filter>Header Files</Filter>
    </ClInclude>
    <ClInclude Include="rapperblast.h">
      <Filter>Header Files</Filter>
    </ClInclude>
    <ClInclude Include="tumbleweed.h">
      <Filter>Header Files</Filter>
    </ClInclude>
    <ClInclude Include="voodoospelleffect.h">
      <Filter>Header Files</Filter>
    </ClInclude>
    <ClInclude Include="resource.h">
      <Filter>Resource Files</Filter>
    </ClInclude>
    <ClInclude Include="..\..\Babel\Pc\Include\bActor\actor.h">
      <Filter>Babel headers</Filter>
    </ClInclude>
    <ClInclude Include="..\..\Babel\Pc\Include\babel.h">
      <Filter>Babel headers</Filter>
    </ClInclude>
    <ClInclude Include="..\..\Babel\Pc\Include\bActor.h">
      <Filter>Babel headers</Filter>
    </ClInclude>
    <ClInclude Include="..\..\Babel\Pc\Include\bDisplay.h">
      <Filter>Babel headers</Filter>
    </ClInclude>
    <ClInclude Include="..\..\Babel\Pc\Include\bfc.h">
      <Filter>Babel headers</Filter>
    </ClInclude>
    <ClInclude Include="..\..\Babel\Pc\Include\bGui.h">
      <Filter>Babel headers</Filter>
    </ClInclude>
    <ClInclude Include="..\..\Babel\Pc\Include\bInput.h">
      <Filter>Babel headers</Filter>
    </ClInclude>
    <ClInclude Include="..\..\Babel\Pc\Include\bKernel.h">
      <Filter>Babel headers</Filter>
    </ClInclude>
    <ClInclude Include="..\..\Babel\Pc\Include\bMaths.h">
      <Filter>Babel headers</Filter>
    </ClInclude>
    <ClInclude Include="..\..\Babel\Pc\Include\bSound.h">
      <Filter>Babel headers</Filter>
    </ClInclude>
    <ClInclude Include="..\..\Babel\Pc\Include\buildNumber.h">
      <Filter>Babel headers</Filter>
    </ClInclude>
    <ClInclude Include="..\..\Babel\Pc\Include\bActor\camera.h">
      <Filter>Babel headers</Filter>
    </ClInclude>
    <ClInclude Include="..\..\Babel\Pc\Include\fCamera\CBCameraBase.h">
      <Filter>Babel headers</Filter>
    </ClInclude>
    <ClInclude Include="..\..\Babel\Pc\Include\fScene\CBCollision.h">
      <Filter>Babel headers</Filter>
    </ClInclude>
    <ClInclude Include="..\..\Babel\Pc\Include\fCamera\CBFlyAroundCamera.h">
      <Filter>Babel headers</Filter>
    </ClInclude>
    <ClInclude Include="..\..\Babel\Pc\Include\fGui\CBGuiButton.h">
      <Filter>Babel headers</Filter>
    </ClInclude>
    <ClInclude Include="..\..\Babel\Pc\Include\fGui\CBGuiMenu.h">
      <Filter>Babel headers</Filter>
    </ClInclude>
    <ClInclude Include="..\..\Babel\Pc\Include\fGui\CBGuiMenuItem.h">
      <Filter>Babel headers</Filter>
    </ClInclude>
    <ClInclude Include="..\..\Babel\Pc\Include\fGui\CBGuiObject.h">
      <Filter>Babel headers</Filter>
    </ClInclude>
    <ClInclude Include="..\..\Babel\Pc\Include\fGui\CBGuiScrollBar.h">
      <Filter>Babel headers</Filter>
    </ClInclude>
    <ClInclude Include="..\..\Babel\Pc\Include\fGui\CBGuiWindow.h">
      <Filter>Babel headers</Filter>
    </ClInclude>
    <ClInclude Include="..\..\Babel\Pc\Include\fCamera\CBPivotCamera.h">
      <Filter>Babel headers</Filter>
    </ClInclude>
    <ClInclude Include="..\..\Babel\Pc\Include\bMaths\collision.h">
      <Filter>Babel headers</Filter>
    </ClInclude>
    <ClInclude Include="..\..\Babel\Pc\Include\bMaths\collision2D.h">
      <Filter>Babel headers</Filter>
    </ClInclude>
    <ClInclude Include="..\..\Babel\Pc\Include\Dbghelp.h">
      <Filter>Babel headers</Filter>
    </ClInclude>
    <ClInclude Include="..\..\Babel\Pc\Include\bGui\defFont.h">
      <Filter>Babel headers</Filter>
    </ClInclude>
    <ClInclude Include="..\..\Babel\Pc\Include\bKernel\encryption.h">
      <Filter>Babel headers</Filter>
    </ClInclude>
    <ClInclude Include="..\..\Babel\Pc\Include\fScene\entity.h">
      <Filter>Babel headers</Filter>
    </ClInclude>
    <ClInclude Include="..\..\Babel\Pc\Include\bKernel\event.h">
      <Filter>Babel headers</Filter>
    </ClInclude>
    <ClInclude Include="..\..\Babel\Pc\Include\bActor\extras.h">
      <Filter>Babel headers</Filter>
    </ClInclude>
    <ClInclude Include="..\..\Babel\Pc\Include\fCamera.h">
      <Filter>Babel headers</Filter>
    </ClInclude>
    <ClInclude Include="..\..\Babel\Pc\Include\fGui.h">
      <Filter>Babel headers</Filter>
    </ClInclude>
    <ClInclude Include="..\..\Babel\Pc\Include\fScene.h">
      <Filter>Babel headers</Filter>
    </ClInclude>
    <ClInclude Include="..\..\Babel\Pc\Include\bInput\gamesave.h">
      <Filter>Babel headers</Filter>
    </ClInclude>
    <ClInclude Include="..\..\Babel\Pc\Include\bMaths\geometry.h">
      <Filter>Babel headers</Filter>
    </ClInclude>
    <ClInclude Include="..\..\Babel\Pc\Include\bGui\gui.h">
      <Filter>Babel headers</Filter>
    </ClInclude>
    <ClInclude Include="..\..\Babel\Pc\Include\bGui\guiHal.h">
      <Filter>Babel headers</Filter>
    </ClInclude>
    <ClInclude Include="..\..\Babel\Pc\Include\bKernel\heap.h">
      <Filter>Babel headers</Filter>
    </ClInclude>
    <ClInclude Include="..\..\Babel\Pc\Include\bInput\input.h">
      <Filter>Babel headers</Filter>
    </ClInclude>
    <ClInclude Include="..\..\Babel\Pc\Include\bActor\lights.h">
      <Filter>Babel headers</Filter>
    </ClInclude>
    <ClInclude Include="..\..\Babel\Pc\Include\bActor\meshHelper.h">
      <Filter>Babel headers</Filter>
    </ClInclude>
    <ClInclude Include="..\..\Babel\Pc\Include\bActor\pcActor.h">
      <Filter>Babel headers</Filter>
    </ClInclude>
    <ClInclude Include="..\..\Babel\Pc\Include\bActor\pcAnim.h">
      <Filter>Babel headers</Filter>
    </ClInclude>
    <ClInclude Include="..\..\Babel\Pc\Include\bKernel\pcBkgload.h">
      <Filter>Babel headers</Filter>
    </ClInclude>
    <ClInclude Include="..\..\Babel\Pc\Include\bKernel\pcClock.h">
      <Filter>Babel headers</Filter>
    </ClInclude>
    <ClInclude Include="..\..\Babel\Pc\Include\bKernel\pcDebug.h">
      <Filter>Babel headers</Filter>
    </ClInclude>
    <ClInclude Include="..\..\Babel\Pc\Include\bDisplay\pcDisplay.h">
      <Filter>Babel headers</Filter>
    </ClInclude>
    <ClInclude Include="..\..\Babel\Pc\Include\bDisplay\pcDrawprim.h">
      <Filter>Babel headers</Filter>
    </ClInclude>
    <ClInclude Include="..\..\Babel\Pc\Include\bDisplay\pcDxdebug.h">
      <Filter>Babel headers</Filter>
    </ClInclude>
    <ClInclude Include="..\..\Babel\Pc\Include\bKernel\pcFile.h">
      <Filter>Babel headers</Filter>
    </ClInclude>
    <ClInclude Include="..\..\Babel\Pc\Include\bDisplay\pcFont.h">
      <Filter>Babel headers</Filter>
    </ClInclude>
    <ClInclude Include="..\..\Babel\Pc\Include\bGui\pcGui.h">
      <Filter>Babel headers</Filter>
    </ClInclude>
    <ClInclude Include="..\..\Babel\Pc\Include\bInput\pcHAL.h">
      <Filter>Babel headers</Filter>
    </ClInclude>
    <ClInclude Include="..\..\Babel\Pc\Include\bKernel\pcKernel.h">
      <Filter>Babel headers</Filter>
    </ClInclude>
    <ClInclude Include="..\..\Babel\Pc\Include\bActor\pcLights.h">
      <Filter>Babel headers</Filter>
    </ClInclude>
    <ClInclude Include="..\..\Babel\Pc\Include\bMaths\pcMaths.h">
      <Filter>Babel headers</Filter>
    </ClInclude>
    <ClInclude Include="..\..\Babel\Pc\Include\bMaths\pcMatrix.h">
      <Filter>Babel headers</Filter>
    </ClInclude>
    <ClInclude Include="..\..\Babel\Pc\Include\bMaths\pcQuaternion.h">
      <Filter>Babel headers</Filter>
    </ClInclude>
    <ClInclude Include="..\..\Babel\Pc\Include\bDisplay\pcRender.h">
      <Filter>Babel headers</Filter>
    </ClInclude>
    <ClInclude Include="..\..\Babel\Pc\Include\bInput\pcsave.h">
      <Filter>Babel headers</Filter>
    </ClInclude>
    <ClInclude Include="..\..\Babel\Pc\Include\bActor\pcSet.h">
      <Filter>Babel headers</Filter>
    </ClInclude>
    <ClInclude Include="..\..\Babel\Pc\Include\bDisplay\pcSplash.h">
      <Filter>Babel headers</Filter>
    </ClInclude>
    <ClInclude Include="..\..\Babel\Pc\Include\bActor\pcStockExtras.h">
      <Filter>Babel headers</Filter>
    </ClInclude>
    <ClInclude Include="..\..\Babel\Pc\Include\bDisplay\pcTexture.h">
      <Filter>Babel headers</Filter>
    </ClInclude>
    <ClInclude Include="..\..\Babel\Pc\Include\bKernel\pcTimer.h">
      <Filter>Babel headers</Filter>
    </ClInclude>
    <ClInclude Include="..\..\Babel\Pc\Include\bMaths\pcVector.h">
      <Filter>Babel headers</Filter>
    </ClInclude>
    <ClInclude Include="..\..\Babel\Pc\Include\bDisplay\pcVideo.h">
      <Filter>Babel headers</Filter>
    </ClInclude>
    <ClInclude Include="..\..\Babel\Pc\Include\bDisplay\pcViewport.h">
      <Filter>Babel headers</Filter>
    </ClInclude>
    <ClInclude Include="..\..\Babel\Pc\Include\bSound\pcWave.h">
      <Filter>Babel headers</Filter>
    </ClInclude>
    <ClInclude Include="..\..\Babel\Pc\Include\bActor\pcxbActor.h">
      <Filter>Babel headers</Filter>
    </ClInclude>
    <ClInclude Include="..\..\Babel\Pc\Include\bActor\pcxbAnim.h">
      <Filter>Babel headers</Filter>
    </ClInclude>
    <ClInclude Include="..\..\Babel\Pc\Include\bActor\pcxbLights.h">
      <Filter>Babel headers</Filter>
    </ClInclude>
    <ClInclude Include="..\..\Babel\Pc\Include\bActor\pcxbSet.h">
      <Filter>Babel headers</Filter>
    </ClInclude>
    <ClInclude Include="..\..\Babel\Pc\Include\bActor\pcxbShaderSelector.h">
      <Filter>Babel headers</Filter>
    </ClInclude>
    <ClInclude Include="..\..\Babel\Pc\Include\bActor\pcxbStockExtras.h">
      <Filter>Babel headers</Filter>
    </ClInclude>
    <ClInclude Include="..\..\Babel\Pc\Include\bKernel\resources.h">
      <Filter>Babel headers</Filter>
    </ClInclude>
    <ClInclude Include="..\..\Babel\Pc\Include\fScene\sceneDescriptor.h">
      <Filter>Babel headers</Filter>
    </ClInclude>
    <ClInclude Include="..\..\Babel\Pc\Include\bActor\set.h">
      <Filter>Babel headers</Filter>
    </ClInclude>
    <ClInclude Include="..\..\Babel\Pc\Include\bKernel\stringTable.h">
      <Filter>Babel headers</Filter>
    </ClInclude>
    <ClInclude Include="..\..\Babel\Pc\Include\bMaths\vector2D.h">
      <Filter>Babel headers</Filter>
    </ClInclude>
    <ClInclude Include="..\..\Babel\Pc\Include\bSound\wave.h">
      <Filter>Babel headers</Filter>
    </ClInclude>
  </ItemGroup>
  <ItemGroup>
    <Image Include="taz.ico">
      <Filter>Resource Files</Filter>
    </Image>
  </ItemGroup>
  <ItemGroup>
    <ResourceCompile Include="taz.rc">
      <Filter>Resource Files</Filter>
    </ResourceCompile>
  </ItemGroup>
  <ItemGroup>
    <Text Include="main.txt">
      <Filter>Misc</Filter>
    </Text>
    <Text Include="ReleaseLog.txt">
      <Filter>Misc</Filter>
    </Text>
  </ItemGroup>
  <ItemGroup>
    <Library Include="..\..\Babel\Pc\lib\debug\bActor\bActor.lib">
      <Filter>Babel Debug</Filter>
    </Library>
    <Library Include="..\..\Babel\Pc\lib\debug\bDisplay\bDisplay.lib">
      <Filter>Babel Debug</Filter>
    </Library>
    <Library Include="..\..\Babel\Pc\lib\debug\bGui\bGui.lib">
      <Filter>Babel Debug</Filter>
    </Library>
    <Library Include="..\..\Babel\Pc\lib\debug\bInput\bInput.lib">
      <Filter>Babel Debug</Filter>
    </Library>
    <Library Include="..\..\Babel\Pc\lib\debug\bKernel\bKernel.lib">
      <Filter>Babel Debug</Filter>
    </Library>
    <Library Include="..\..\Babel\Pc\lib\debug\bMaths\bMaths.lib">
      <Filter>Babel Debug</Filter>
    </Library>
    <Library Include="..\..\Babel\Pc\lib\debug\bSound\bSound.lib">
      <Filter>Babel Debug</Filter>
    </Library>
    <Library Include="..\..\Babel\Pc\lib\debug\fCamera\fCamera.lib">
      <Filter>Babel Debug</Filter>
    </Library>
    <Library Include="..\..\Babel\Pc\lib\debug\fEffects\fEffects.lib">
      <Filter>Babel Debug</Filter>
    </Library>
    <Library Include="..\..\Babel\Pc\lib\release\babel_r.lib">
      <Filter>Babel Release</Filter>
    </Library>
    <Library Include="..\..\Dxsdk\lib\strmiids.lib" />
    <Library Include="..\..\Dxsdk\lib\d3d8.lib" />
    <Library Include="..\..\Dxsdk\lib\d3dx.lib" />
    <Library Include="..\..\Dxsdk\lib\d3dx8.lib" />
    <Library Include="..\..\Dxsdk\lib\d3dx8d.lib" />
    <Library Include="..\..\Dxsdk\lib\d3dx8dt.lib" />
    <Library Include="..\..\Dxsdk\lib\d3dxd.lib" />
    <Library Include="..\..\Dxsdk\lib\d3dxof.lib" />
    <Library Include="..\..\Dxsdk\lib\ddraw.lib" />
    <Library Include="..\..\Dxsdk\lib\dinput.lib" />
    <Library Include="..\..\Dxsdk\lib\dinput8.lib" />
    <Library Include="..\..\Dxsdk\lib\dmoguids.lib" />
    <Library Include="..\..\Dxsdk\lib\dplayx.lib" />
    <Library Include="..\..\Dxsdk\lib\dsetup.lib" />
    <Library Include="..\..\Dxsdk\lib\dsound.lib" />
    <Library Include="..\..\Dxsdk\lib\DxErr8.lib" />
    <Library Include="..\..\Dxsdk\lib\dxguid.lib" />
    <Library Include="..\..\Dxsdk\lib\dxtrans.lib" />
    <Library Include="..\..\Dxsdk\lib\ksproxy.lib" />
    <Library Include="..\..\Dxsdk\lib\ksuser.lib" />
    <Library Include="..\..\Dxsdk\lib\msdmo.lib" />
    <Library Include="..\..\Dxsdk\lib\quartz.lib" />
    <Library Include="..\..\Dxsdk\lib\amstrmid.lib" />
  </ItemGroup>
  <ItemGroup>
    <CustomBuild Include="main.xls">
      <Filter>Misc</Filter>
    </CustomBuild>
    <CustomBuild Include="laval.asp" />
  </ItemGroup>
</Project>