<?xml version="1.0" encoding="utf-8"?>
<Project ToolsVersion="4.0" xmlns="http://schemas.microsoft.com/developer/msbuild/2003">
  <ItemGroup>
    <Filter Include="Babel Debug">
      <UniqueIdentifier>{775af8ba-95ae-4726-ba09-d4862a3e7dff}</UniqueIdentifier>
    </Filter>
    <Filter Include="Babel Release">
      <UniqueIdentifier>{50c6f212-e66d-4f16-9985-3c7cfa4d3ae4}</UniqueIdentifier>
    </Filter>
    <Filter Include="Source Files">
      <UniqueIdentifier>{02050032-dc35-4676-a498-05bcbb20c827}</UniqueIdentifier>
    </Filter>
    <Filter Include="Source Files\Character AI">
      <UniqueIdentifier>{52d30764-3ac6-45bb-b2c8-81c4d4bad8ca}</UniqueIdentifier>
    </Filter>
    <Filter Include="Source Files\Environment">
      <UniqueIdentifier>{f4950b32-14ca-4fad-a742-96568884e0ae}</UniqueIdentifier>
    </Filter>
    <Filter Include="Source Files\Effects">
      <UniqueIdentifier>{07fb2e45-e53c-430b-86bd-871d04c6d4b6}</UniqueIdentifier>
    </Filter>
    <Filter Include="Source Files\Physics">
      <UniqueIdentifier>{00633c49-1353-4713-aea4-6024ab8e7875}</UniqueIdentifier>
    </Filter>
    <Filter Include="Source Files\Vehicles">
      <UniqueIdentifier>{2a47edce-9834-474c-907c-c740054b8914}</UniqueIdentifier>
    </Filter>
    <Filter Include="Source Files\Special Case">
      <UniqueIdentifier>{33b37af1-a400-467f-a15b-5fd5c3cdb948}</UniqueIdentifier>
    </Filter>
    <Filter Include="Source Files\System">
      <UniqueIdentifier>{c5d3c3a8-c95b-4a4f-9a9a-b8c7c8abb8d6}</UniqueIdentifier>
    </Filter>
    <Filter Include="Source Files\Camera">
      <UniqueIdentifier>{63d65001-7a10-41b0-bea2-b5de45cacd31}</UniqueIdentifier>
    </Filter>
    <Filter Include="Source Files\Multiplayer">
      <UniqueIdentifier>{141ba72b-8dda-4b18-b2e6-797d760db62c}</UniqueIdentifier>
    </Filter>
    <Filter Include="Source Files\Bosses">
      <UniqueIdentifier>{81b701ad-ab77-438b-b66a-e6e672f091fa}</UniqueIdentifier>
    </Filter>
    <Filter Include="Source Files\Bosses\mechatweety">
      <UniqueIdentifier>{b1ef3ec6-75a8-4dad-9906-8886f3584a59}</UniqueIdentifier>
    </Filter>
    <Filter Include="Source Files\Bosses\WestBoss">
      <UniqueIdentifier>{85172710-2319-45aa-ab96-29764e61ebc2}</UniqueIdentifier>
    </Filter>
    <Filter Include="Source Files\Bosses\ZooBoss">
      <UniqueIdentifier>{480c8ac4-8cdb-41c4-b70a-b6191dbf47f0}</UniqueIdentifier>
    </Filter>
    <Filter Include="Source Files\Power-ups">
      <UniqueIdentifier>{da6eb8d3-2520-4318-ae08-0b9a5acbc8ea}</UniqueIdentifier>
    </Filter>
    <Filter Include="Source Files\frontend">
      <UniqueIdentifier>{b82a4a1c-136e-4fa0-a8aa-26d55d95674f}</UniqueIdentifier>
    </Filter>
    <Filter Include="Source Files\frontend\Menu">
      <UniqueIdentifier>{585b65b9-b2fd-4542-9a67-a4fb8df5f517}</UniqueIdentifier>
    </Filter>
    <Filter Include="Source Files\frontend\Book">
      <UniqueIdentifier>{1367ea69-8d59-47fa-936b-3c5099d018e9}</UniqueIdentifier>
    </Filter>
    <Filter Include="Header Files">
      <UniqueIdentifier>{70599b45-99c4-4afd-a093-c323851fc732}</UniqueIdentifier>
    </Filter>
    <Filter Include="Header Files\Character AI Headers">
      <UniqueIdentifier>{f88301ab-d677-4a4b-a25c-28387d0400bb}</UniqueIdentifier>
    </Filter>
    <Filter Include="Header Files\Environment Headers">
      <UniqueIdentifier>{8a784401-e93a-4182-87c0-2b34080844a5}</UniqueIdentifier>
    </Filter>
    <Filter Include="Header Files\Effects Headers">
      <UniqueIdentifier>{387ae5cc-3c13-4b38-b3a4-3b4952203d74}</UniqueIdentifier>
    </Filter>
    <Filter Include="Header Files\Effects Headers\Shadows">
      <UniqueIdentifier>{7e0bac1e-2e8d-4714-9b2e-50be60f9ae85}</UniqueIdentifier>
    </Filter>
    <Filter Include="Header Files\Physics Headers">
      <UniqueIdentifier>{5a39a864-2ab0-4df9-8287-2cf7f8ad84a5}</UniqueIdentifier>
    </Filter>
    <Filter Include="Header Files\Vehicle Headers">
      <UniqueIdentifier>{9dc24e4c-0b5a-4d1e-9296-2112bb7e0029}</UniqueIdentifier>
    </Filter>
    <Filter Include="Header Files\Special Case Headers">
      <UniqueIdentifier>{4d5adaef-7b4e-4718-a664-cb5705d577db}</UniqueIdentifier>
    </Filter>
    <Filter Include="Header Files\System Headers">
      <UniqueIdentifier>{715c7212-e63d-407a-8456-52c8f4e71701}</UniqueIdentifier>
    </Filter>
    <Filter Include="Header Files\Camera Headers">
      <UniqueIdentifier>{bdf6b1ea-dc3d-47a4-8b08-50be09ee0fa1}</UniqueIdentifier>
    </Filter>
    <Filter Include="Header Files\Multiplayer Headers">
      <UniqueIdentifier>{cdd35d6b-01e1-405c-be21-9633bfe7b848}</UniqueIdentifier>
    </Filter>
    <Filter Include="Header Files\Boss Headers">
      <UniqueIdentifier>{8f373950-416e-4a6c-a5b5-e131c9b264fe}</UniqueIdentifier>
    </Filter>
    <Filter Include="Header Files\Boss Headers\mechatweety headers">
      <UniqueIdentifier>{d2d88abf-cd22-44a2-aec8-a8c21fd25b7f}</UniqueIdentifier>
    </Filter>
    <Filter Include="Header Files\Boss Headers\WestBoss headers">
      <UniqueIdentifier>{8a98db3d-8ed4-4ace-82c0-edd052cee92f}</UniqueIdentifier>
    </Filter>
    <Filter Include="Header Files\Boss Headers\ZooBoss headers">
      <UniqueIdentifier>{81114f90-2f35-411a-96df-43e9cc719f35}</UniqueIdentifier>
    </Filter>
    <Filter Include="Header Files\Power-up Headers">
      <UniqueIdentifier>{4b0c86f7-2b3d-4144-b745-e0f1564a2a4c}</UniqueIdentifier>
    </Filter>
    <Filter Include="Header Files\frontend headers">
      <UniqueIdentifier>{33b765dd-6de2-4a03-a962-81a1dff9be4b}</UniqueIdentifier>
    </Filter>
    <Filter Include="Header Files\frontend headers\Menu Headers">
      <UniqueIdentifier>{cfbe46ca-a342-401e-8ff7-139c84135f69}</UniqueIdentifier>
    </Filter>
    <Filter Include="Header Files\frontend headers\Book headers">
      <UniqueIdentifier>{0fd02ba3-b743-45e9-b7d9-49ab182613e2}</UniqueIdentifier>
    </Filter>
    <Filter Include="Resource Files">
      <UniqueIdentifier>{b19fa3a3-e1c1-4d24-a045-d6412e02443a}</UniqueIdentifier>
      <Extensions>ico;cur;bmp;dlg;rc2;rct;bin;rgs;gif;jpg;jpeg;jpe</Extensions>
    </Filter>
  </ItemGroup>
  <ItemGroup>
    <Library Include="..\..\..\Babel\Xbox\lib\debug\bActor\bActor.lib">
      <Filter>Babel Debug</Filter>
    </Library>
    <Library Include="..\..\..\Babel\Xbox\lib\debug\bGui\bGui.lib">
      <Filter>Babel Debug</Filter>
    </Library>
    <Library Include="..\..\..\Babel\Xbox\lib\debug\bDisplay\bDisplay.lib">
      <Filter>Babel Debug</Filter>
    </Library>
    <Library Include="..\..\..\Babel\Xbox\lib\debug\bKernel\bKernel.lib">
      <Filter>Babel Debug</Filter>
    </Library>
    <Library Include="..\..\..\Babel\Xbox\lib\debug\bInput\bInput.lib">
      <Filter>Babel Debug</Filter>
    </Library>
    <Library Include="..\..\..\Babel\Xbox\lib\debug\bMaths\bMaths.lib">
      <Filter>Babel Debug</Filter>
    </Library>
    <Library Include="..\..\..\Babel\Xbox\lib\debug\bSound\bSound.lib">
      <Filter>Babel Debug</Filter>
    </Library>
    <Library Include="..\..\..\Babel\Xbox\lib\release\bActor\bActor.lib">
      <Filter>Babel Release</Filter>
    </Library>
    <Library Include="..\..\..\Babel\Xbox\lib\release\bDisplay\bDisplay.lib">
      <Filter>Babel Release</Filter>
    </Library>
    <Library Include="..\..\..\Babel\Xbox\lib\release\bGui\bGui.lib">
      <Filter>Babel Release</Filter>
    </Library>
    <Library Include="..\..\..\Babel\Xbox\lib\release\bInput\bInput.lib">
      <Filter>Babel Release</Filter>
    </Library>
    <Library Include="..\..\..\Babel\Xbox\lib\release\bKernel\bKernel.lib">
      <Filter>Babel Release</Filter>
    </Library>
    <Library Include="..\..\..\Babel\Xbox\lib\release\bMaths\bMaths.lib">
      <Filter>Babel Release</Filter>
    </Library>
    <Library Include="..\..\..\Babel\Xbox\lib\release\bSound\bSound.lib">
      <Filter>Babel Release</Filter>
    </Library>
  </ItemGroup>
  <ItemGroup>
    <ClCompile Include="alligator.cpp">
      <Filter>Source Files\Character AI</Filter>
    </ClCompile>
    <ClCompile Include="anvilgang.cpp">
      <Filter>Source Files\Character AI</Filter>
    </ClCompile>
    <ClCompile Include="apes.cpp">
      <Filter>Source Files\Character AI</Filter>
    </ClCompile>
    <ClCompile Include="bears.cpp">
      <Filter>Source Files\Character AI</Filter>
    </ClCompile>
    <ClCompile Include="bjshellac.cpp">
      <Filter>Source Files\Character AI</Filter>
    </ClCompile>
    <ClCompile Include="buzzard.cpp">
      <Filter>Source Files\Character AI</Filter>
    </ClCompile>
    <ClCompile Include="buzzardscripts.cpp">
      <Filter>Source Files\Character AI</Filter>
    </ClCompile>
    <ClCompile Include="constructionbot.cpp">
      <Filter>Source Files\Character AI</Filter>
    </ClCompile>
    <ClCompile Include="constructionworker.cpp">
      <Filter>Source Files\Character AI</Filter>
    </ClCompile>
    <ClCompile Include="doggy.cpp">
      <Filter>Source Files\Character AI</Filter>
    </ClCompile>
    <ClCompile Include="genericai.cpp">
      <Filter>Source Files\Character AI</Filter>
    </ClCompile>
    <ClCompile Include="minerbot.cpp">
      <Filter>Source Files\Character AI</Filter>
    </ClCompile>
    <ClCompile Include="museumguard.cpp">
      <Filter>Source Files\Character AI</Filter>
    </ClCompile>
    <ClCompile Include="nastycan.cpp">
      <Filter>Source Files\Character AI</Filter>
    </ClCompile>
    <ClCompile Include="securitybot.cpp">
      <Filter>Source Files\Character AI</Filter>
    </ClCompile>
    <ClCompile Include="shark.cpp">
      <Filter>Source Files\Character AI</Filter>
    </ClCompile>
    <ClCompile Include="taskforce.cpp">
      <Filter>Source Files\Character AI</Filter>
    </ClCompile>
    <ClCompile Include="tazcatcher.cpp">
      <Filter>Source Files\Character AI</Filter>
    </ClCompile>
    <ClCompile Include="tribalchief.cpp">
      <Filter>Source Files\Character AI</Filter>
    </ClCompile>
    <ClCompile Include="tweety.cpp">
      <Filter>Source Files\Character AI</Filter>
    </ClCompile>
    <ClCompile Include="zookeeper.cpp">
      <Filter>Source Files\Character AI</Filter>
    </ClCompile>
    <ClCompile Include="breakables.cpp">
      <Filter>Source Files\Environment</Filter>
    </ClCompile>
    <ClCompile Include="bumper.cpp">
      <Filter>Source Files\Environment</Filter>
    </ClCompile>
    <ClCompile Include="clangerreset.cpp">
      <Filter>Source Files\Environment</Filter>
    </ClCompile>
    <ClCompile Include="destructibles.cpp">
      <Filter>Source Files\Environment</Filter>
    </ClCompile>
    <ClCompile Include="doors.cpp">
      <Filter>Source Files\Environment</Filter>
    </ClCompile>
    <ClCompile Include="escalator.cpp">
      <Filter>Source Files\Environment</Filter>
    </ClCompile>
    <ClCompile Include="fallingobjects.cpp">
      <Filter>Source Files\Environment</Filter>
    </ClCompile>
    <ClCompile Include="famethrowa.cpp">
      <Filter>Source Files\Environment</Filter>
    </ClCompile>
    <ClCompile Include="floorpolisherwantedposter.cpp">
      <Filter>Source Files\Environment</Filter>
    </ClCompile>
    <ClCompile Include="foodrandomiser.cpp">
      <Filter>Source Files\Environment</Filter>
    </ClCompile>
    <ClCompile Include="fountain.cpp">
      <Filter>Source Files\Environment</Filter>
    </ClCompile>
    <ClCompile Include="fountainextrasystem.cpp">
      <Filter>Source Files\Environment</Filter>
    </ClCompile>
    <ClCompile Include="ice.cpp">
      <Filter>Source Files\Environment</Filter>
    </ClCompile>
    <ClCompile Include="lava.cpp">
      <Filter>Source Files\Environment</Filter>
    </ClCompile>
    <ClCompile Include="magnet.cpp">
      <Filter>Source Files\Environment</Filter>
    </ClCompile>
    <ClCompile Include="mailbox.cpp">
      <Filter>Source Files\Environment</Filter>
    </ClCompile>
    <ClCompile Include="musicandsavagebeasts.cpp">
      <Filter>Source Files\Environment</Filter>
    </ClCompile>
    <ClCompile Include="phonebox.cpp">
      <Filter>Source Files\Environment</Filter>
    </ClCompile>
    <ClCompile Include="portal.cpp">
      <Filter>Source Files\Environment</Filter>
    </ClCompile>
    <ClCompile Include="projectile.cpp">
      <Filter>Source Files\Environment</Filter>
    </ClCompile>
    <ClCompile Include="scenicobjects.cpp">
      <Filter>Source Files\Environment</Filter>
    </ClCompile>
    <ClCompile Include="slides.cpp">
      <Filter>Source Files\Environment</Filter>
    </ClCompile>
    <ClCompile Include="speedboost.cpp">
      <Filter>Source Files\Environment</Filter>
    </ClCompile>
    <ClCompile Include="splatobjects.cpp">
      <Filter>Source Files\Environment</Filter>
    </ClCompile>
    <ClCompile Include="springyobjects.cpp">
      <Filter>Source Files\Environment</Filter>
    </ClCompile>
    <ClCompile Include="steppingstone.cpp">
      <Filter>Source Files\Environment</Filter>
    </ClCompile>
    <ClCompile Include="swingingobjects.cpp">
      <Filter>Source Files\Environment</Filter>
    </ClCompile>
    <ClCompile Include="tiltingobjects.cpp">
      <Filter>Source Files\Environment</Filter>
    </ClCompile>
    <ClCompile Include="transporter.cpp">
      <Filter>Source Files\Environment</Filter>
    </ClCompile>
    <ClCompile Include="tumbleweed.cpp">
      <Filter>Source Files\Environment</Filter>
    </ClCompile>
    <ClCompile Include="wantedposter.cpp">
      <Filter>Source Files\Environment</Filter>
    </ClCompile>
    <ClCompile Include="water.cpp">
      <Filter>Source Files\Environment</Filter>
    </ClCompile>
    <ClCompile Include="zapper.cpp">
      <Filter>Source Files\Environment</Filter>
    </ClCompile>
    <ClCompile Include="aircon.cpp">
      <Filter>Source Files\Effects</Filter>
    </ClCompile>
    <ClCompile Include="arrow.cpp">
      <Filter>Source Files\Effects</Filter>
    </ClCompile>
    <ClCompile Include="cartoonscaling.cpp">
      <Filter>Source Files\Effects</Filter>
    </ClCompile>
    <ClCompile Include="cheesegun.cpp">
      <Filter>Source Files\Effects</Filter>
    </ClCompile>
    <ClCompile Include="clouds.cpp">
      <Filter>Source Files\Effects</Filter>
    </ClCompile>
    <ClCompile Include="costumes.cpp">
      <Filter>Source Files\Effects</Filter>
    </ClCompile>
    <ClCompile Include="decals.cpp">
      <Filter>Source Files\Effects</Filter>
    </ClCompile>
    <ClCompile Include="eating.cpp">
      <Filter>Source Files\Effects</Filter>
    </ClCompile>
    <ClCompile Include="effects.cpp">
      <Filter>Source Files\Effects</Filter>
    </ClCompile>
    <ClCompile Include="electrocution.cpp">
      <Filter>Source Files\Effects</Filter>
    </ClCompile>
    <ClCompile Include="envmap.cpp">
      <Filter>Source Files\Effects</Filter>
    </ClCompile>
    <ClCompile Include="explode.cpp">
      <Filter>Source Files\Effects</Filter>
    </ClCompile>
    <ClCompile Include="fade.cpp">
      <Filter>Source Files\Effects</Filter>
    </ClCompile>
    <ClCompile Include="fire.cpp">
      <Filter>Source Files\Effects</Filter>
    </ClCompile>
    <ClCompile Include="Fireball.cpp">
      <Filter>Source Files\Effects</Filter>
    </ClCompile>
    <ClCompile Include="fireworks.cpp">
      <Filter>Source Files\Effects</Filter>
    </ClCompile>
    <ClCompile Include="Flies.cpp">
      <Filter>Source Files\Effects</Filter>
    </ClCompile>
    <ClCompile Include="flocking.cpp">
      <Filter>Source Files\Effects</Filter>
    </ClCompile>
    <ClCompile Include="footalign.cpp">
      <Filter>Source Files\Effects</Filter>
    </ClCompile>
    <ClCompile Include="Glare.cpp">
      <Filter>Source Files\Effects</Filter>
    </ClCompile>
    <ClCompile Include="glowaroundplinth.cpp">
      <Filter>Source Files\Effects</Filter>
    </ClCompile>
    <ClCompile Include="haar.cpp">
      <Filter>Source Files\Effects</Filter>
    </ClCompile>
    <ClCompile Include="halo.cpp">
      <Filter>Source Files\Effects</Filter>
    </ClCompile>
    <ClCompile Include="holysmoke.cpp">
      <Filter>Source Files\Effects</Filter>
    </ClCompile>
    <ClCompile Include="laser.cpp">
      <Filter>Source Files\Effects</Filter>
    </ClCompile>
    <ClCompile Include="lightning.cpp">
      <Filter>Source Files\Effects</Filter>
    </ClCompile>
    <ClCompile Include="lights.cpp">
      <Filter>Source Files\Effects</Filter>
    </ClCompile>
    <ClCompile Include="mirrorball.cpp">
      <Filter>Source Files\Effects</Filter>
    </ClCompile>
    <ClCompile Include="MonitorFX.cpp">
      <Filter>Source Files\Effects</Filter>
    </ClCompile>
    <ClCompile Include="phoneboxeffect.cpp">
      <Filter>Source Files\Effects</Filter>
    </ClCompile>
    <ClCompile Include="polyeffects.cpp">
      <Filter>Source Files\Effects</Filter>
    </ClCompile>
    <ClCompile Include="postcard.cpp">
      <Filter>Source Files\Effects</Filter>
    </ClCompile>
    <ClCompile Include="precipitation.cpp">
      <Filter>Source Files\Effects</Filter>
    </ClCompile>
    <ClCompile Include="rapperblast.cpp">
      <Filter>Source Files\Effects</Filter>
    </ClCompile>
    <ClCompile Include="rocketscience.cpp">
      <Filter>Source Files\Effects</Filter>
    </ClCompile>
    <ClCompile Include="rumble.cpp">
      <Filter>Source Files\Effects</Filter>
    </ClCompile>
    <ClCompile Include="securitybox.cpp">
      <Filter>Source Files\Effects</Filter>
    </ClCompile>
    <ClCompile Include="shadow.cpp">
      <Filter>Source Files\Effects</Filter>
    </ClCompile>
    <ClCompile Include="shatter.cpp">
      <Filter>Source Files\Effects</Filter>
    </ClCompile>
    <ClCompile Include="shockwave.cpp">
      <Filter>Source Files\Effects</Filter>
    </ClCompile>
    <ClCompile Include="sparks.cpp">
      <Filter>Source Files\Effects</Filter>
    </ClCompile>
    <ClCompile Include="spineffect.cpp">
      <Filter>Source Files\Effects</Filter>
    </ClCompile>
    <ClCompile Include="tarbubble.cpp">
      <Filter>Source Files\Effects</Filter>
    </ClCompile>
    <ClCompile Include="tartantaz.cpp">
      <Filter>Source Files\Effects</Filter>
    </ClCompile>
    <ClCompile Include="thoughtbubble.cpp">
      <Filter>Source Files\Effects</Filter>
    </ClCompile>
    <ClCompile Include="VideoFX.cpp">
      <Filter>Source Files\Effects</Filter>
    </ClCompile>
    <ClCompile Include="voodoocloud.cpp">
      <Filter>Source Files\Effects</Filter>
    </ClCompile>
    <ClCompile Include="voodoospelleffect.cpp">
      <Filter>Source Files\Effects</Filter>
    </ClCompile>
    <ClCompile Include="waterfall.cpp">
      <Filter>Source Files\Effects</Filter>
    </ClCompile>
    <ClCompile Include="waterrings.cpp">
      <Filter>Source Files\Effects</Filter>
    </ClCompile>
    <ClCompile Include="watersplash.cpp">
      <Filter>Source Files\Effects</Filter>
    </ClCompile>
    <ClCompile Include="zzz.cpp">
      <Filter>Source Files\Effects</Filter>
    </ClCompile>
    <ClCompile Include="collision.cpp">
      <Filter>Source Files\Physics</Filter>
    </ClCompile>
    <ClCompile Include="collisioncache.cpp">
      <Filter>Source Files\Physics</Filter>
    </ClCompile>
    <ClCompile Include="physics.cpp">
      <Filter>Source Files\Physics</Filter>
    </ClCompile>
    <ClCompile Include="atlasphere.cpp">
      <Filter>Source Files\Vehicles</Filter>
    </ClCompile>
    <ClCompile Include="floorpolisher.cpp">
      <Filter>Source Files\Vehicles</Filter>
    </ClCompile>
    <ClCompile Include="hovercraft.cpp">
      <Filter>Source Files\Vehicles</Filter>
    </ClCompile>
    <ClCompile Include="minecart.cpp">
      <Filter>Source Files\Vehicles</Filter>
    </ClCompile>
    <ClCompile Include="pneumaticplunger.cpp">
      <Filter>Source Files\Vehicles</Filter>
    </ClCompile>
    <ClCompile Include="rocketbike.cpp">
      <Filter>Source Files\Vehicles</Filter>
    </ClCompile>
    <ClCompile Include="trolley.cpp">
      <Filter>Source Files\Vehicles</Filter>
    </ClCompile>
    <ClCompile Include="vehicles.cpp">
      <Filter>Source Files\Vehicles</Filter>
    </ClCompile>
    <ClCompile Include="icedomespecial.cpp">
      <Filter>Source Files\Special Case</Filter>
    </ClCompile>
    <ClCompile Include="ResetTutorial.cpp">
      <Filter>Source Files\Special Case</Filter>
    </ClCompile>
    <ClCompile Include="snowball.cpp">
      <Filter>Source Files\Special Case</Filter>
    </ClCompile>
    <ClCompile Include="special.cpp">
      <Filter>Source Files\Special Case</Filter>
    </ClCompile>
    <ClCompile Include="tutorial.cpp">
      <Filter>Source Files\Special Case</Filter>
    </ClCompile>
    <ClCompile Include="actors.cpp">
      <Filter>Source Files\System</Filter>
    </ClCompile>
    <ClCompile Include="animation.cpp">
      <Filter>Source Files\System</Filter>
    </ClCompile>
    <ClCompile Include="attach.cpp">
      <Filter>Source Files\System</Filter>
    </ClCompile>
    <ClCompile Include="characters.cpp">
      <Filter>Source Files\System</Filter>
    </ClCompile>
    <ClCompile Include="Cheats.cpp">
      <Filter>Source Files\System</Filter>
    </ClCompile>
    <ClCompile Include="chrisscene.cpp">
      <Filter>Source Files\System</Filter>
    </ClCompile>
    <ClCompile Include="claudescene.cpp">
      <Filter>Source Files\System</Filter>
    </ClCompile>
    <ClCompile Include="collectibles.cpp">
      <Filter>Source Files\System</Filter>
    </ClCompile>
    <ClCompile Include="Colour.cpp">
      <Filter>Source Files\System</Filter>
    </ClCompile>
    <ClCompile Include="control.cpp">
      <Filter>Source Files\System</Filter>
    </ClCompile>
    <ClCompile Include="countdown.cpp">
      <Filter>Source Files\System</Filter>
    </ClCompile>
    <ClCompile Include="debris.cpp">
      <Filter>Source Files\System</Filter>
    </ClCompile>
    <ClCompile Include="debug.cpp">
      <Filter>Source Files\System</Filter>
    </ClCompile>
    <ClCompile Include="demo.cpp">
      <Filter>Source Files\System</Filter>
    </ClCompile>
    <ClCompile Include="display.cpp">
      <Filter>Source Files\System</Filter>
    </ClCompile>
    <ClCompile Include="endoflevelstats.cpp">
      <Filter>Source Files\System</Filter>
    </ClCompile>
    <ClCompile Include="events.cpp">
      <Filter>Source Files\System</Filter>
    </ClCompile>
    <ClCompile Include="files.cpp">
      <Filter>Source Files\System</Filter>
    </ClCompile>
    <ClCompile Include="font.cpp">
      <Filter>Source Files\System</Filter>
    </ClCompile>
    <ClCompile Include="GlobalSettings.cpp">
      <Filter>Source Files\System</Filter>
    </ClCompile>
    <ClCompile Include="gui.cpp">
      <Filter>Source Files\System</Filter>
    </ClCompile>
    <ClCompile Include="health.cpp">
      <Filter>Source Files\System</Filter>
    </ClCompile>
    <ClCompile Include="highscores.cpp">
      <Filter>Source Files\System</Filter>
    </ClCompile>
    <ClCompile Include="invisibleobjects.cpp">
      <Filter>Source Files\System</Filter>
    </ClCompile>
    <ClCompile Include="LinkedList.cpp">
      <Filter>Source Files\System</Filter>
    </ClCompile>
    <ClCompile Include="main.cpp">
      <Filter>Source Files\System</Filter>
    </ClCompile>
    <ClCompile Include="map.cpp">
      <Filter>Source Files\System</Filter>
    </ClCompile>
    <ClCompile Include="mapfile.cpp">
      <Filter>Source Files\System</Filter>
    </ClCompile>
    <ClCompile Include="maths.cpp">
      <Filter>Source Files\System</Filter>
    </ClCompile>
    <ClCompile Include="MemCard.cpp">
      <Filter>Source Files\System</Filter>
    </ClCompile>
    <ClCompile Include="mouse.cpp">
      <Filter>Source Files\System</Filter>
    </ClCompile>
    <ClCompile Include="music.cpp">
      <Filter>Source Files\System</Filter>
    </ClCompile>
    <ClCompile Include="objectviewer.cpp">
      <Filter>Source Files\System</Filter>
    </ClCompile>
    <ClCompile Include="ParseMap.cpp">
      <Filter>Source Files\System</Filter>
    </ClCompile>
    <ClCompile Include="paths.cpp">
      <Filter>Source Files\System</Filter>
    </ClCompile>
    <ClCompile Include="pause.cpp">
      <Filter>Source Files\System</Filter>
    </ClCompile>
    <ClCompile Include="PhilScene.cpp">
      <Filter>Source Files\System</Filter>
    </ClCompile>
    <ClCompile Include="player.cpp">
      <Filter>Source Files\System</Filter>
    </ClCompile>
    <ClCompile Include="playerstats.cpp">
      <Filter>Source Files\System</Filter>
    </ClCompile>
    <ClCompile Include="Rectangle.cpp">
      <Filter>Source Files\System</Filter>
    </ClCompile>
    <ClCompile Include="scene.cpp">
      <Filter>Source Files\System</Filter>
    </ClCompile>
    <ClCompile Include="sfx.cpp">
      <Filter>Source Files\System</Filter>
    </ClCompile>
    <ClCompile Include="sonystuff.cpp">
      <Filter>Source Files\System</Filter>
    </ClCompile>
    <ClCompile Include="splashscreen.cpp">
      <Filter>Source Files\System</Filter>
    </ClCompile>
    <ClCompile Include="StartScene.cpp">
      <Filter>Source Files\System</Filter>
    </ClCompile>
    <ClCompile Include="status.cpp">
      <Filter>Source Files\System</Filter>
    </ClCompile>
    <ClCompile Include="subtitle.cpp">
      <Filter>Source Files\System</Filter>
    </ClCompile>
    <ClCompile Include="textures.cpp">
      <Filter>Source Files\System</Filter>
    </ClCompile>
    <ClCompile Include="timer.cpp">
      <Filter>Source Files\System</Filter>
    </ClCompile>
    <ClCompile Include="tonyscene.cpp">
      <Filter>Source Files\System</Filter>
    </ClCompile>
    <ClCompile Include="trail.cpp">
      <Filter>Source Files\System</Filter>
    </ClCompile>
    <ClCompile Include="trigger.cpp">
      <Filter>Source Files\System</Filter>
    </ClCompile>
    <ClCompile Include="util.cpp">
      <Filter>Source Files\System</Filter>
    </ClCompile>
    <ClCompile Include="Vec.cpp">
      <Filter>Source Files\System</Filter>
    </ClCompile>
    <ClCompile Include="volume.cpp">
      <Filter>Source Files\System</Filter>
    </ClCompile>
    <ClCompile Include="camera.cpp">
      <Filter>Source Files\Camera</Filter>
    </ClCompile>
    <ClCompile Include="cameracase.cpp">
      <Filter>Source Files\Camera</Filter>
    </ClCompile>
    <ClCompile Include="cutscene.cpp">
      <Filter>Source Files\Camera</Filter>
    </ClCompile>
    <ClCompile Include="KOScam.cpp">
      <Filter>Source Files\Camera</Filter>
    </ClCompile>
    <ClCompile Include="quakecam.cpp">
      <Filter>Source Files\Camera</Filter>
    </ClCompile>
    <ClCompile Include="smashcamera.cpp">
      <Filter>Source Files\Camera</Filter>
    </ClCompile>
    <ClCompile Include="destruct.cpp">
      <Filter>Source Files\Multiplayer</Filter>
    </ClCompile>
    <ClCompile Include="diner.cpp">
      <Filter>Source Files\Multiplayer</Filter>
    </ClCompile>
    <ClCompile Include="multiplayer.cpp">
      <Filter>Source Files\Multiplayer</Filter>
    </ClCompile>
    <ClCompile Include="race.cpp">
      <Filter>Source Files\Multiplayer</Filter>
    </ClCompile>
    <ClCompile Include="Tournament.cpp">
      <Filter>Source Files\Multiplayer</Filter>
    </ClCompile>
    <ClCompile Include="chargeattack.cpp">
      <Filter>Source Files\Bosses\mechatweety</Filter>
    </ClCompile>
    <ClCompile Include="crateattack.cpp">
      <Filter>Source Files\Bosses\mechatweety</Filter>
    </ClCompile>
    <ClCompile Include="electricityattack.cpp">
      <Filter>Source Files\Bosses\mechatweety</Filter>
    </ClCompile>
    <ClCompile Include="mechatweety.cpp">
      <Filter>Source Files\Bosses\mechatweety</Filter>
    </ClCompile>
    <ClCompile Include="mtweetymagnet.cpp">
      <Filter>Source Files\Bosses\mechatweety</Filter>
    </ClCompile>
    <ClCompile Include="mtweetyscripts.cpp">
      <Filter>Source Files\Bosses\mechatweety</Filter>
    </ClCompile>
    <ClCompile Include="redshield.cpp">
      <Filter>Source Files\Bosses\mechatweety</Filter>
    </ClCompile>
    <ClCompile Include="tazbossitems.cpp">
      <Filter>Source Files\Bosses\mechatweety</Filter>
    </ClCompile>
    <ClCompile Include="transportereffect.cpp">
      <Filter>Source Files\Bosses\mechatweety</Filter>
    </ClCompile>
    <ClCompile Include="tweetytransporter.cpp">
      <Filter>Source Files\Bosses\mechatweety</Filter>
    </ClCompile>
    <ClCompile Include="BrickDisplay.cpp">
      <Filter>Source Files\Bosses\WestBoss</Filter>
    </ClCompile>
    <ClCompile Include="GolfBar.cpp">
      <Filter>Source Files\Bosses\WestBoss</Filter>
    </ClCompile>
    <ClCompile Include="WestBoss.cpp">
      <Filter>Source Files\Bosses\WestBoss</Filter>
    </ClCompile>
    <ClCompile Include="WestBossExp.cpp">
      <Filter>Source Files\Bosses\WestBoss</Filter>
    </ClCompile>
    <ClCompile Include="ZooBoss.cpp">
      <Filter>Source Files\Bosses\ZooBoss</Filter>
    </ClCompile>
    <ClCompile Include="Boss.cpp">
      <Filter>Source Files\Bosses</Filter>
    </ClCompile>
    <ClCompile Include="bossgamecontinue.cpp">
      <Filter>Source Files\Bosses</Filter>
    </ClCompile>
    <ClCompile Include="CityBoss.cpp">
      <Filter>Source Files\Bosses</Filter>
    </ClCompile>
    <ClCompile Include="tazboss1.cpp">
      <Filter>Source Files\Bosses</Filter>
    </ClCompile>
    <ClCompile Include="bubblegum.cpp">
      <Filter>Source Files\Power-ups</Filter>
    </ClCompile>
    <ClCompile Include="chillipepper.cpp">
      <Filter>Source Files\Power-ups</Filter>
    </ClCompile>
    <ClCompile Include="hiccup.cpp">
      <Filter>Source Files\Power-ups</Filter>
    </ClCompile>
    <ClCompile Include="invisibletaz.cpp">
      <Filter>Source Files\Power-ups</Filter>
    </ClCompile>
    <ClCompile Include="superburp.cpp">
      <Filter>Source Files\Power-ups</Filter>
    </ClCompile>
    <ClCompile Include="superburpeffect.cpp">
      <Filter>Source Files\Power-ups</Filter>
    </ClCompile>
    <ClCompile Include="audiomenu.cpp">
      <Filter>Source Files\frontend\Menu</Filter>
    </ClCompile>
    <ClCompile Include="extrasmenu.cpp">
      <Filter>Source Files\frontend\Menu</Filter>
    </ClCompile>
    <ClCompile Include="frontendmenu.cpp">
      <Filter>Source Files\frontend\Menu</Filter>
    </ClCompile>
    <ClCompile Include="gallerymenu.cpp">
      <Filter>Source Files\frontend\Menu</Filter>
    </ClCompile>
    <ClCompile Include="optionsmenu.cpp">
      <Filter>Source Files\frontend\Menu</Filter>
    </ClCompile>
    <ClCompile Include="recordsmenu.cpp">
      <Filter>Source Files\frontend\Menu</Filter>
    </ClCompile>
    <ClCompile Include="secretsmenu.cpp">
      <Filter>Source Files\frontend\Menu</Filter>
    </ClCompile>
    <ClCompile Include="startgamemenu.cpp">
      <Filter>Source Files\frontend\Menu</Filter>
    </ClCompile>
    <ClCompile Include="twoplayermenu.cpp">
      <Filter>Source Files\frontend\Menu</Filter>
    </ClCompile>
    <ClCompile Include="BookList.cpp">
      <Filter>Source Files\frontend\Book</Filter>
    </ClCompile>
    <ClCompile Include="CheckBox.cpp">
      <Filter>Source Files\frontend\Book</Filter>
    </ClCompile>
    <ClCompile Include="HealthBar.cpp">
      <Filter>Source Files\frontend\Book</Filter>
    </ClCompile>
    <ClCompile Include="Icon.cpp">
      <Filter>Source Files\frontend\Book</Filter>
    </ClCompile>
    <ClCompile Include="PageItemFX.cpp">
      <Filter>Source Files\frontend\Book</Filter>
    </ClCompile>
    <ClCompile Include="PaperBook.cpp">
      <Filter>Source Files\frontend\Book</Filter>
    </ClCompile>
    <ClCompile Include="popup.cpp">
      <Filter>Source Files\frontend\Book</Filter>
    </ClCompile>
    <ClCompile Include="Slider.cpp">
      <Filter>Source Files\frontend\Book</Filter>
    </ClCompile>
    <ClCompile Include="Spinner.cpp">
      <Filter>Source Files\frontend\Book</Filter>
    </ClCompile>
    <ClCompile Include="Table.cpp">
      <Filter>Source Files\frontend\Book</Filter>
    </ClCompile>
    <ClCompile Include="TextBox.cpp">
      <Filter>Source Files\frontend\Book</Filter>
    </ClCompile>
    <ClCompile Include="TextFX.cpp">
      <Filter>Source Files\frontend\Book</Filter>
    </ClCompile>
    <ClCompile Include="credits.cpp">
      <Filter>Source Files\frontend</Filter>
    </ClCompile>
    <ClCompile Include="death.cpp">
      <Filter>Source Files\frontend</Filter>
    </ClCompile>
    <ClCompile Include="endgamecredits.cpp">
      <Filter>Source Files\frontend</Filter>
    </ClCompile>
    <ClCompile Include="frontendanimation.cpp">
      <Filter>Source Files\frontend</Filter>
    </ClCompile>
    <ClCompile Include="frontendcamera.cpp">
      <Filter>Source Files\frontend</Filter>
    </ClCompile>
    <ClCompile Include="frontendmain.cpp">
      <Filter>Source Files\frontend</Filter>
    </ClCompile>
    <ClCompile Include="langaugeanimation.cpp">
      <Filter>Source Files\frontend</Filter>
    </ClCompile>
    <ClCompile Include="languagemain.cpp">
      <Filter>Source Files\frontend</Filter>
    </ClCompile>
    <ClCompile Include="prompt.cpp">
      <Filter>Source Files\frontend</Filter>
    </ClCompile>
    <ClCompile Include="thwap.cpp">
      <Filter>Source Files\frontend</Filter>
    </ClCompile>
    <ClCompile Include="PongDust.cpp">
      <Filter>Header Files\Effects Headers</Filter>
    </ClCompile>
  </ItemGroup>
  <ItemGroup>
    <ClInclude Include="alligator.h">
      <Filter>Header Files\Character AI Headers</Filter>
    </ClInclude>
    <ClInclude Include="anvilgang.h">
      <Filter>Header Files\Character AI Headers</Filter>
    </ClInclude>
    <ClInclude Include="apes.h">
      <Filter>Header Files\Character AI Headers</Filter>
    </ClInclude>
    <ClInclude Include="bears.h">
      <Filter>Header Files\Character AI Headers</Filter>
    </ClInclude>
    <ClInclude Include="bjshellac.h">
      <Filter>Header Files\Character AI Headers</Filter>
    </ClInclude>
    <ClInclude Include="buzzard.h">
      <Filter>Header Files\Character AI Headers</Filter>
    </ClInclude>
    <ClInclude Include="buzzardscripts.h">
      <Filter>Header Files\Character AI Headers</Filter>
    </ClInclude>
    <ClInclude Include="constructionbot.h">
      <Filter>Header Files\Character AI Headers</Filter>
    </ClInclude>
    <ClInclude Include="constructionworker.h">
      <Filter>Header Files\Character AI Headers</Filter>
    </ClInclude>
    <ClInclude Include="doggy.h">
      <Filter>Header Files\Character AI Headers</Filter>
    </ClInclude>
    <ClInclude Include="genericai.h">
      <Filter>Header Files\Character AI Headers</Filter>
    </ClInclude>
    <ClInclude Include="minerbot.h">
      <Filter>Header Files\Character AI Headers</Filter>
    </ClInclude>
    <ClInclude Include="museumguard.h">
      <Filter>Header Files\Character AI Headers</Filter>
    </ClInclude>
    <ClInclude Include="nastycan.h">
      <Filter>Header Files\Character AI Headers</Filter>
    </ClInclude>
    <ClInclude Include="securitybot.h">
      <Filter>Header Files\Character AI Headers</Filter>
    </ClInclude>
    <ClInclude Include="shark.h">
      <Filter>Header Files\Character AI Headers</Filter>
    </ClInclude>
    <ClInclude Include="taskforce.h">
      <Filter>Header Files\Character AI Headers</Filter>
    </ClInclude>
    <ClInclude Include="tazcatcher.h">
      <Filter>Header Files\Character AI Headers</Filter>
    </ClInclude>
    <ClInclude Include="tribalchief.h">
      <Filter>Header Files\Character AI Headers</Filter>
    </ClInclude>
    <ClInclude Include="tweety.h">
      <Filter>Header Files\Character AI Headers</Filter>
    </ClInclude>
    <ClInclude Include="zookeeper.h">
      <Filter>Header Files\Character AI Headers</Filter>
    </ClInclude>
    <ClInclude Include="breakables.h">
      <Filter>Header Files\Environment Headers</Filter>
    </ClInclude>
    <ClInclude Include="bumper.h">
      <Filter>Header Files\Environment Headers</Filter>
    </ClInclude>
    <ClInclude Include="clangerreset.h">
      <Filter>Header Files\Environment Headers</Filter>
    </ClInclude>
    <ClInclude Include="destructibles.h">
      <Filter>Header Files\Environment Headers</Filter>
    </ClInclude>
    <ClInclude Include="doors.h">
      <Filter>Header Files\Environment Headers</Filter>
    </ClInclude>
    <ClInclude Include="escalator.h">
      <Filter>Header Files\Environment Headers</Filter>
    </ClInclude>
    <ClInclude Include="fallingobjects.h">
      <Filter>Header Files\Environment Headers</Filter>
    </ClInclude>
    <ClInclude Include="famethrowa.h">
      <Filter>Header Files\Environment Headers</Filter>
    </ClInclude>
    <ClInclude Include="floorpolisherwantedposter.h">
      <Filter>Header Files\Environment Headers</Filter>
    </ClInclude>
    <ClInclude Include="foodrandomiser.h">
      <Filter>Header Files\Environment Headers</Filter>
    </ClInclude>
    <ClInclude Include="fountain.h">
      <Filter>Header Files\Environment Headers</Filter>
    </ClInclude>
    <ClInclude Include="fountainextrasystem.h">
      <Filter>Header Files\Environment Headers</Filter>
    </ClInclude>
    <ClInclude Include="ice.h">
      <Filter>Header Files\Environment Headers</Filter>
    </ClInclude>
    <ClInclude Include="lava.h">
      <Filter>Header Files\Environment Headers</Filter>
    </ClInclude>
    <ClInclude Include="magnet.h">
      <Filter>Header Files\Environment Headers</Filter>
    </ClInclude>
    <ClInclude Include="mailbox.h">
      <Filter>Header Files\Environment Headers</Filter>
    </ClInclude>
    <ClInclude Include="musicandsavagebeasts.h">
      <Filter>Header Files\Environment Headers</Filter>
    </ClInclude>
    <ClInclude Include="phonebox.h">
      <Filter>Header Files\Environment Headers</Filter>
    </ClInclude>
    <ClInclude Include="portal.h">
      <Filter>Header Files\Environment Headers</Filter>
    </ClInclude>
    <ClInclude Include="projectile.h">
      <Filter>Header Files\Environment Headers</Filter>
    </ClInclude>
    <ClInclude Include="scenicobjects.h">
      <Filter>Header Files\Environment Headers</Filter>
    </ClInclude>
    <ClInclude Include="slides.h">
      <Filter>Header Files\Environment Headers</Filter>
    </ClInclude>
    <ClInclude Include="speedboost.h">
      <Filter>Header Files\Environment Headers</Filter>
    </ClInclude>
    <ClInclude Include="splatobjects.h">
      <Filter>Header Files\Environment Headers</Filter>
    </ClInclude>
    <ClInclude Include="springyobjects.h">
      <Filter>Header Files\Environment Headers</Filter>
    </ClInclude>
    <ClInclude Include="steppingstone.h">
      <Filter>Header Files\Environment Headers</Filter>
    </ClInclude>
    <ClInclude Include="swingingobjects.h">
      <Filter>Header Files\Environment Headers</Filter>
    </ClInclude>
    <ClInclude Include="tiltingobjects.h">
      <Filter>Header Files\Environment Headers</Filter>
    </ClInclude>
    <ClInclude Include="transporter.h">
      <Filter>Header Files\Environment Headers</Filter>
    </ClInclude>
    <ClInclude Include="tumbleweed.h">
      <Filter>Header Files\Environment Headers</Filter>
    </ClInclude>
    <ClInclude Include="wantedposter.h">
      <Filter>Header Files\Environment Headers</Filter>
    </ClInclude>
    <ClInclude Include="water.h">
      <Filter>Header Files\Environment Headers</Filter>
    </ClInclude>
    <ClInclude Include="zapper.h">
      <Filter>Header Files\Environment Headers</Filter>
    </ClInclude>
    <ClInclude Include="shadow.h">
      <Filter>Header Files\Effects Headers\Shadows</Filter>
    </ClInclude>
    <ClInclude Include="ShadowExtra.h">
      <Filter>Header Files\Effects Headers\Shadows</Filter>
    </ClInclude>
    <ClInclude Include="aircon.h">
      <Filter>Header Files\Effects Headers</Filter>
    </ClInclude>
    <ClInclude Include="arrow.h">
      <Filter>Header Files\Effects Headers</Filter>
    </ClInclude>
    <ClInclude Include="cartoonscaling.h">
      <Filter>Header Files\Effects Headers</Filter>
    </ClInclude>
    <ClInclude Include="cheesegun.h">
      <Filter>Header Files\Effects Headers</Filter>
    </ClInclude>
    <ClInclude Include="clouds.h">
      <Filter>Header Files\Effects Headers</Filter>
    </ClInclude>
    <ClInclude Include="Colour.h">
      <Filter>Header Files\Effects Headers</Filter>
    </ClInclude>
    <ClInclude Include="costumes.h">
      <Filter>Header Files\Effects Headers</Filter>
    </ClInclude>
    <ClInclude Include="decals.h">
      <Filter>Header Files\Effects Headers</Filter>
    </ClInclude>
    <ClInclude Include="eating.h">
      <Filter>Header Files\Effects Headers</Filter>
    </ClInclude>
    <ClInclude Include="effects.h">
      <Filter>Header Files\Effects Headers</Filter>
    </ClInclude>
    <ClInclude Include="electrocution.h">
      <Filter>Header Files\Effects Headers</Filter>
    </ClInclude>
    <ClInclude Include="envmap.h">
      <Filter>Header Files\Effects Headers</Filter>
    </ClInclude>
    <ClInclude Include="explode.h">
      <Filter>Header Files\Effects Headers</Filter>
    </ClInclude>
    <ClInclude Include="fade.h">
      <Filter>Header Files\Effects Headers</Filter>
    </ClInclude>
    <ClInclude Include="fire.h">
      <Filter>Header Files\Effects Headers</Filter>
    </ClInclude>
    <ClInclude Include="Fireball.h">
      <Filter>Header Files\Effects Headers</Filter>
    </ClInclude>
    <ClInclude Include="fireworks.h">
      <Filter>Header Files\Effects Headers</Filter>
    </ClInclude>
    <ClInclude Include="Flies.h">
      <Filter>Header Files\Effects Headers</Filter>
    </ClInclude>
    <ClInclude Include="flocking.h">
      <Filter>Header Files\Effects Headers</Filter>
    </ClInclude>
    <ClInclude Include="footalign.h">
      <Filter>Header Files\Effects Headers</Filter>
    </ClInclude>
    <ClInclude Include="Glare.h">
      <Filter>Header Files\Effects Headers</Filter>
    </ClInclude>
    <ClInclude Include="haar.h">
      <Filter>Header Files\Effects Headers</Filter>
    </ClInclude>
    <ClInclude Include="halo.h">
      <Filter>Header Files\Effects Headers</Filter>
    </ClInclude>
    <ClInclude Include="holysmoke.h">
      <Filter>Header Files\Effects Headers</Filter>
    </ClInclude>
    <ClInclude Include="laser.h">
      <Filter>Header Files\Effects Headers</Filter>
    </ClInclude>
    <ClInclude Include="lightning.h">
      <Filter>Header Files\Effects Headers</Filter>
    </ClInclude>
    <ClInclude Include="lights.h">
      <Filter>Header Files\Effects Headers</Filter>
    </ClInclude>
    <ClInclude Include="mirrorball.h">
      <Filter>Header Files\Effects Headers</Filter>
    </ClInclude>
    <ClInclude Include="phoneboxeffect.h">
      <Filter>Header Files\Effects Headers</Filter>
    </ClInclude>
    <ClInclude Include="polyeffects.h">
      <Filter>Header Files\Effects Headers</Filter>
    </ClInclude>
    <ClInclude Include="postcard.h">
      <Filter>Header Files\Effects Headers</Filter>
    </ClInclude>
    <ClInclude Include="precipitation.h">
      <Filter>Header Files\Effects Headers</Filter>
    </ClInclude>
    <ClInclude Include="rapperblast.h">
      <Filter>Header Files\Effects Headers</Filter>
    </ClInclude>
    <ClInclude Include="rocketscience.h">
      <Filter>Header Files\Effects Headers</Filter>
    </ClInclude>
    <ClInclude Include="rumble.h">
      <Filter>Header Files\Effects Headers</Filter>
    </ClInclude>
    <ClInclude Include="screenfx.h">
      <Filter>Header Files\Effects Headers</Filter>
    </ClInclude>
    <ClInclude Include="securitybox.h">
      <Filter>Header Files\Effects Headers</Filter>
    </ClInclude>
    <ClInclude Include="shatter.h">
      <Filter>Header Files\Effects Headers</Filter>
    </ClInclude>
    <ClInclude Include="shockwave.h">
      <Filter>Header Files\Effects Headers</Filter>
    </ClInclude>
    <ClInclude Include="sparks.h">
      <Filter>Header Files\Effects Headers</Filter>
    </ClInclude>
    <ClInclude Include="spineffect.h">
      <Filter>Header Files\Effects Headers</Filter>
    </ClInclude>
    <ClInclude Include="tarbubble.h">
      <Filter>Header Files\Effects Headers</Filter>
    </ClInclude>
    <ClInclude Include="tartantaz.h">
      <Filter>Header Files\Effects Headers</Filter>
    </ClInclude>
    <ClInclude Include="thoughtbubble.h">
      <Filter>Header Files\Effects Headers</Filter>
    </ClInclude>
    <ClInclude Include="VideoFX.h">
      <Filter>Header Files\Effects Headers</Filter>
    </ClInclude>
    <ClInclude Include="voodoocloud.h">
      <Filter>Header Files\Effects Headers</Filter>
    </ClInclude>
    <ClInclude Include="voodoospelleffect.h">
      <Filter>Header Files\Effects Headers</Filter>
    </ClInclude>
    <ClInclude Include="waterfall.h">
      <Filter>Header Files\Effects Headers</Filter>
    </ClInclude>
    <ClInclude Include="waterrings.h">
      <Filter>Header Files\Effects Headers</Filter>
    </ClInclude>
    <ClInclude Include="watersplash.h">
      <Filter>Header Files\Effects Headers</Filter>
    </ClInclude>
    <ClInclude Include="zzz.h">
      <Filter>Header Files\Effects Headers</Filter>
    </ClInclude>
    <ClInclude Include="collision.h">
      <Filter>Header Files\Physics Headers</Filter>
    </ClInclude>
    <ClInclude Include="collisioncache.h">
      <Filter>Header Files\Physics Headers</Filter>
    </ClInclude>
    <ClInclude Include="physics.h">
      <Filter>Header Files\Physics Headers</Filter>
    </ClInclude>
    <ClInclude Include="atlassphere.h">
      <Filter>Header Files\Vehicle Headers</Filter>
    </ClInclude>
    <ClInclude Include="floorpolisher.h">
      <Filter>Header Files\Vehicle Headers</Filter>
    </ClInclude>
    <ClInclude Include="hovercraft.h">
      <Filter>Header Files\Vehicle Headers</Filter>
    </ClInclude>
    <ClInclude Include="minecart.h">
      <Filter>Header Files\Vehicle Headers</Filter>
    </ClInclude>
    <ClInclude Include="pneumaticplunger.h">
      <Filter>Header Files\Vehicle Headers</Filter>
    </ClInclude>
    <ClInclude Include="rocketbike.h">
      <Filter>Header Files\Vehicle Headers</Filter>
    </ClInclude>
    <ClInclude Include="trolley.h">
      <Filter>Header Files\Vehicle Headers</Filter>
    </ClInclude>
    <ClInclude Include="vehicles.h">
      <Filter>Header Files\Vehicle Headers</Filter>
    </ClInclude>
    <ClInclude Include="glowaroundplinth.h">
      <Filter>Header Files\Special Case Headers</Filter>
    </ClInclude>
    <ClInclude Include="icedomespecial.h">
      <Filter>Header Files\Special Case Headers</Filter>
    </ClInclude>
    <ClInclude Include="MonitorFX.h">
      <Filter>Header Files\Special Case Headers</Filter>
    </ClInclude>
    <ClInclude Include="snowball.h">
      <Filter>Header Files\Special Case Headers</Filter>
    </ClInclude>
    <ClInclude Include="special.h">
      <Filter>Header Files\Special Case Headers</Filter>
    </ClInclude>
    <ClInclude Include="tutorial.h">
      <Filter>Header Files\Special Case Headers</Filter>
    </ClInclude>
    <ClInclude Include="actors.h">
      <Filter>Header Files\System Headers</Filter>
    </ClInclude>
    <ClInclude Include="animation.h">
      <Filter>Header Files\System Headers</Filter>
    </ClInclude>
    <ClInclude Include="attach.h">
      <Filter>Header Files\System Headers</Filter>
    </ClInclude>
    <ClInclude Include="characters.h">
      <Filter>Header Files\System Headers</Filter>
    </ClInclude>
    <ClInclude Include="Cheats.h">
      <Filter>Header Files\System Headers</Filter>
    </ClInclude>
    <ClInclude Include="chrisscene.h">
      <Filter>Header Files\System Headers</Filter>
    </ClInclude>
    <ClInclude Include="claudescene.h">
      <Filter>Header Files\System Headers</Filter>
    </ClInclude>
    <ClInclude Include="collectibles.h">
      <Filter>Header Files\System Headers</Filter>
    </ClInclude>
    <ClInclude Include="control.h">
      <Filter>Header Files\System Headers</Filter>
    </ClInclude>
    <ClInclude Include="countdown.h">
      <Filter>Header Files\System Headers</Filter>
    </ClInclude>
    <ClInclude Include="debris.h">
      <Filter>Header Files\System Headers</Filter>
    </ClInclude>
    <ClInclude Include="debug.h">
      <Filter>Header Files\System Headers</Filter>
    </ClInclude>
    <ClInclude Include="demo.h">
      <Filter>Header Files\System Headers</Filter>
    </ClInclude>
    <ClInclude Include="display.h">
      <Filter>Header Files\System Headers</Filter>
    </ClInclude>
    <ClInclude Include="Dungeon.h">
      <Filter>Header Files\System Headers</Filter>
    </ClInclude>
    <ClInclude Include="endoflevelstats.h">
      <Filter>Header Files\System Headers</Filter>
    </ClInclude>
    <ClInclude Include="events.h">
      <Filter>Header Files\System Headers</Filter>
    </ClInclude>
    <ClInclude Include="files.h">
      <Filter>Header Files\System Headers</Filter>
    </ClInclude>
    <ClInclude Include="font.h">
      <Filter>Header Files\System Headers</Filter>
    </ClInclude>
    <ClInclude Include="global.h">
      <Filter>Header Files\System Headers</Filter>
    </ClInclude>
    <ClInclude Include="GlobalSettings.h">
      <Filter>Header Files\System Headers</Filter>
    </ClInclude>
    <ClInclude Include="gui.h">
      <Filter>Header Files\System Headers</Filter>
    </ClInclude>
    <ClInclude Include="health.h">
      <Filter>Header Files\System Headers</Filter>
    </ClInclude>
    <ClInclude Include="highscores.h">
      <Filter>Header Files\System Headers</Filter>
    </ClInclude>
    <ClInclude Include="invisibleobjects.h">
      <Filter>Header Files\System Headers</Filter>
    </ClInclude>
    <ClInclude Include="LinkedList.h">
      <Filter>Header Files\System Headers</Filter>
    </ClInclude>
    <ClInclude Include="LoopArray.h">
      <Filter>Header Files\System Headers</Filter>
    </ClInclude>
    <ClInclude Include="main.h">
      <Filter>Header Files\System Headers</Filter>
    </ClInclude>
    <ClInclude Include="map.h">
      <Filter>Header Files\System Headers</Filter>
    </ClInclude>
    <ClInclude Include="mapfile.h">
      <Filter>Header Files\System Headers</Filter>
    </ClInclude>
    <ClInclude Include="maths.h">
      <Filter>Header Files\System Headers</Filter>
    </ClInclude>
    <ClInclude Include="..\..\Windows\me.h">
      <Filter>Header Files\System Headers</Filter>
    </ClInclude>
    <ClInclude Include="MemCard.h">
      <Filter>Header Files\System Headers</Filter>
    </ClInclude>
    <ClInclude Include="mouse.h">
      <Filter>Header Files\System Headers</Filter>
    </ClInclude>
    <ClInclude Include="music.h">
      <Filter>Header Files\System Headers</Filter>
    </ClInclude>
    <ClInclude Include="objectviewer.h">
      <Filter>Header Files\System Headers</Filter>
    </ClInclude>
    <ClInclude Include="ParseMap.h">
      <Filter>Header Files\System Headers</Filter>
    </ClInclude>
    <ClInclude Include="paths.h">
      <Filter>Header Files\System Headers</Filter>
    </ClInclude>
    <ClInclude Include="pause.h">
      <Filter>Header Files\System Headers</Filter>
    </ClInclude>
    <ClInclude Include="PhilScene.h">
      <Filter>Header Files\System Headers</Filter>
    </ClInclude>
    <ClInclude Include="player.h">
      <Filter>Header Files\System Headers</Filter>
    </ClInclude>
    <ClInclude Include="playerstats.h">
      <Filter>Header Files\System Headers</Filter>
    </ClInclude>
    <ClInclude Include="Rectangle.h">
      <Filter>Header Files\System Headers</Filter>
    </ClInclude>
    <ClInclude Include="scene.h">
      <Filter>Header Files\System Headers</Filter>
    </ClInclude>
    <ClInclude Include="sfx.h">
      <Filter>Header Files\System Headers</Filter>
    </ClInclude>
    <ClInclude Include="sonystuff.h">
      <Filter>Header Files\System Headers</Filter>
    </ClInclude>
    <ClInclude Include="splashscreen.h">
      <Filter>Header Files\System Headers</Filter>
    </ClInclude>
    <ClInclude Include="Stack.h">
      <Filter>Header Files\System Headers</Filter>
    </ClInclude>
    <ClInclude Include="status.h">
      <Filter>Header Files\System Headers</Filter>
    </ClInclude>
    <ClInclude Include="subtitle.h">
      <Filter>Header Files\System Headers</Filter>
    </ClInclude>
    <ClInclude Include="taz.h">
      <Filter>Header Files\System Headers</Filter>
    </ClInclude>
    <ClInclude Include="text.h">
      <Filter>Header Files\System Headers</Filter>
    </ClInclude>
    <ClInclude Include="text2.h">
      <Filter>Header Files\System Headers</Filter>
    </ClInclude>
    <ClInclude Include="textures.h">
      <Filter>Header Files\System Headers</Filter>
    </ClInclude>
    <ClInclude Include="timer.h">
      <Filter>Header Files\System Headers</Filter>
    </ClInclude>
    <ClInclude Include="tonyscene.h">
      <Filter>Header Files\System Headers</Filter>
    </ClInclude>
    <ClInclude Include="trail.h">
      <Filter>Header Files\System Headers</Filter>
    </ClInclude>
    <ClInclude Include="trigger.h">
      <Filter>Header Files\System Headers</Filter>
    </ClInclude>
    <ClInclude Include="util.h">
      <Filter>Header Files\System Headers</Filter>
    </ClInclude>
    <ClInclude Include="Vec.h">
      <Filter>Header Files\System Headers</Filter>
    </ClInclude>
    <ClInclude Include="camera.h">
      <Filter>Header Files\Camera Headers</Filter>
    </ClInclude>
    <ClInclude Include="cameracase.h">
      <Filter>Header Files\Camera Headers</Filter>
    </ClInclude>
    <ClInclude Include="cutscene.h">
      <Filter>Header Files\Camera Headers</Filter>
    </ClInclude>
    <ClInclude Include="KOScam.h">
      <Filter>Header Files\Camera Headers</Filter>
    </ClInclude>
    <ClInclude Include="quakecam.h">
      <Filter>Header Files\Camera Headers</Filter>
    </ClInclude>
    <ClInclude Include="destruct.h">
      <Filter>Header Files\Multiplayer Headers</Filter>
    </ClInclude>
    <ClInclude Include="diner.h">
      <Filter>Header Files\Multiplayer Headers</Filter>
    </ClInclude>
    <ClInclude Include="multiplayer.h">
      <Filter>Header Files\Multiplayer Headers</Filter>
    </ClInclude>
    <ClInclude Include="race.h">
      <Filter>Header Files\Multiplayer Headers</Filter>
    </ClInclude>
    <ClInclude Include="chargeattack.h">
      <Filter>Header Files\Boss Headers\mechatweety headers</Filter>
    </ClInclude>
    <ClInclude Include="crateattack.h">
      <Filter>Header Files\Boss Headers\mechatweety headers</Filter>
    </ClInclude>
    <ClInclude Include="electricityattack.h">
      <Filter>Header Files\Boss Headers\mechatweety headers</Filter>
    </ClInclude>
    <ClInclude Include="mechatweety.h">
      <Filter>Header Files\Boss Headers\mechatweety headers</Filter>
    </ClInclude>
    <ClInclude Include="mtweetyscripts.h">
      <Filter>Header Files\Boss Headers\mechatweety headers</Filter>
    </ClInclude>
    <ClInclude Include="tazbossitems.h">
      <Filter>Header Files\Boss Headers\mechatweety headers</Filter>
    </ClInclude>
    <ClInclude Include="transportereffect.h">
      <Filter>Header Files\Boss Headers\mechatweety headers</Filter>
    </ClInclude>
    <ClInclude Include="tweetytransporter.h">
      <Filter>Header Files\Boss Headers\mechatweety headers</Filter>
    </ClInclude>
    <ClInclude Include="BrickDisplay.h">
      <Filter>Header Files\Boss Headers\WestBoss headers</Filter>
    </ClInclude>
    <ClInclude Include="GolfBar.h">
      <Filter>Header Files\Boss Headers\WestBoss headers</Filter>
    </ClInclude>
    <ClInclude Include="WestBoss.h">
      <Filter>Header Files\Boss Headers\WestBoss headers</Filter>
    </ClInclude>
    <ClInclude Include="WestBossExp.h">
      <Filter>Header Files\Boss Headers\WestBoss headers</Filter>
    </ClInclude>
    <ClInclude Include="ZooBoss.h">
      <Filter>Header Files\Boss Headers\ZooBoss headers</Filter>
    </ClInclude>
    <ClInclude Include="Boss.h">
      <Filter>Header Files\Boss Headers</Filter>
    </ClInclude>
    <ClInclude Include="bossgamecontinue.h">
      <Filter>Header Files\Boss Headers</Filter>
    </ClInclude>
    <ClInclude Include="CityBoss.h">
      <Filter>Header Files\Boss Headers</Filter>
    </ClInclude>
    <ClInclude Include="tazboss1.h">
      <Filter>Header Files\Boss Headers</Filter>
    </ClInclude>
    <ClInclude Include="bubblegum.h">
      <Filter>Header Files\Power-up Headers</Filter>
    </ClInclude>
    <ClInclude Include="chillipepper.h">
      <Filter>Header Files\Power-up Headers</Filter>
    </ClInclude>
    <ClInclude Include="hiccup.h">
      <Filter>Header Files\Power-up Headers</Filter>
    </ClInclude>
    <ClInclude Include="invisibletaz.h">
      <Filter>Header Files\Power-up Headers</Filter>
    </ClInclude>
    <ClInclude Include="superburp.h">
      <Filter>Header Files\Power-up Headers</Filter>
    </ClInclude>
    <ClInclude Include="superburpeffect.h">
      <Filter>Header Files\Power-up Headers</Filter>
    </ClInclude>
    <ClInclude Include="audiomenu.h">
      <Filter>Header Files\frontend headers\Menu Headers</Filter>
    </ClInclude>
    <ClInclude Include="extrasmenu.h">
      <Filter>Header Files\frontend headers\Menu Headers</Filter>
    </ClInclude>
    <ClInclude Include="frontendmenu.h">
      <Filter>Header Files\frontend headers\Menu Headers</Filter>
    </ClInclude>
    <ClInclude Include="gallerymenu.h">
      <Filter>Header Files\frontend headers\Menu Headers</Filter>
    </ClInclude>
    <ClInclude Include="optionsmenu.h">
      <Filter>Header Files\frontend headers\Menu Headers</Filter>
    </ClInclude>
    <ClInclude Include="recordsmenu.h">
      <Filter>Header Files\frontend headers\Menu Headers</Filter>
    </ClInclude>
    <ClInclude Include="secretsmenu.h">
      <Filter>Header Files\frontend headers\Menu Headers</Filter>
    </ClInclude>
    <ClInclude Include="startgamemenu.h">
      <Filter>Header Files\frontend headers\Menu Headers</Filter>
    </ClInclude>
    <ClInclude Include="twoplayermenu.h">
      <Filter>Header Files\frontend headers\Menu Headers</Filter>
    </ClInclude>
    <ClInclude Include="BookList.h">
      <Filter>Header Files\frontend headers\Book headers</Filter>
    </ClInclude>
    <ClInclude Include="CheckBox.h">
      <Filter>Header Files\frontend headers\Book headers</Filter>
    </ClInclude>
    <ClInclude Include="Icon.h">
      <Filter>Header Files\frontend headers\Book headers</Filter>
    </ClInclude>
    <ClInclude Include="PageItemFX.h">
      <Filter>Header Files\frontend headers\Book headers</Filter>
    </ClInclude>
    <ClInclude Include="popup.h">
      <Filter>Header Files\frontend headers\Book headers</Filter>
    </ClInclude>
    <ClInclude Include="Slider.h">
      <Filter>Header Files\frontend headers\Book headers</Filter>
    </ClInclude>
    <ClInclude Include="Spinner.h">
      <Filter>Header Files\frontend headers\Book headers</Filter>
    </ClInclude>
    <ClInclude Include="Table.h">
      <Filter>Header Files\frontend headers\Book headers</Filter>
    </ClInclude>
    <ClInclude Include="TextFX.h">
      <Filter>Header Files\frontend headers\Book headers</Filter>
    </ClInclude>
    <ClInclude Include="credits.h">
      <Filter>Header Files\frontend headers</Filter>
    </ClInclude>
    <ClInclude Include="death.h">
      <Filter>Header Files\frontend headers</Filter>
    </ClInclude>
    <ClInclude Include="endgamecredits.h">
      <Filter>Header Files\frontend headers</Filter>
    </ClInclude>
    <ClInclude Include="frontendanimation.h">
      <Filter>Header Files\frontend headers</Filter>
    </ClInclude>
    <ClInclude Include="frontendcamera.h">
      <Filter>Header Files\frontend headers</Filter>
    </ClInclude>
    <ClInclude Include="frontendmain.h">
      <Filter>Header Files\frontend headers</Filter>
    </ClInclude>
    <ClInclude Include="languageanimation.h">
      <Filter>Header Files\frontend headers</Filter>
    </ClInclude>
    <ClInclude Include="languagemain.h">
      <Filter>Header Files\frontend headers</Filter>
    </ClInclude>
    <ClInclude Include="thwap.h">
      <Filter>Header Files\frontend headers</Filter>
    </ClInclude>
    <ClInclude Include="HealthBar.h" />
    <ClInclude Include="mtweetymagnet.h" />
    <ClInclude Include="PaperBook.h" />
    <ClInclude Include="PongDust.h" />
    <ClInclude Include="prompt.h" />
    <ClInclude Include="redshield.h" />
    <ClInclude Include="smashcamera.h" />
    <ClInclude Include="TextBox.h" />
    <ClInclude Include="tournament.h" />
    <ClInclude Include="volume.h" />
    <ClInclude Include="XboxStrings.h" />
  </ItemGroup>
  <ItemGroup>
    <Text Include="main.txt" />
  </ItemGroup>
</Project>